// !$*UTF8*$!
{
	archiveVersion = 1;
	classes = {
	};
	objectVersion = 46;
	objects = {

/* Begin PBXBuildFile section */
		0CD56730B4FE62EEC6C1AA8E /* Pods_OMNI.framework in Frameworks */ = {isa = PBXBuildFile; fileRef = F933746F02753ACFE8C9AA1A /* Pods_OMNI.framework */; };
		F905799C1D51A12E00FC23F0 /* OMMutiableLightThemeViewController.m in Sources */ = {isa = PBXBuildFile; fileRef = F905799A1D51A12E00FC23F0 /* OMMutiableLightThemeViewController.m */; };
		F905799D1D51A12E00FC23F0 /* OMMutiableLightThemeViewController.xib in Resources */ = {isa = PBXBuildFile; fileRef = F905799B1D51A12E00FC23F0 /* OMMutiableLightThemeViewController.xib */; };
		F90579A11D51A15900FC23F0 /* OMMutiableLightColorViewController.m in Sources */ = {isa = PBXBuildFile; fileRef = F905799F1D51A15900FC23F0 /* OMMutiableLightColorViewController.m */; };
		F90579A21D51A15900FC23F0 /* OMMutiableLightColorViewController.xib in Resources */ = {isa = PBXBuildFile; fileRef = F90579A01D51A15900FC23F0 /* OMMutiableLightColorViewController.xib */; };
		F90BF1AD1D6C25B900D2ECEB /* OMGloble.m in Sources */ = {isa = PBXBuildFile; fileRef = F90BF1AC1D6C25B900D2ECEB /* OMGloble.m */; };
		F90BF1B11D6C2AEB00D2ECEB /* OMSceneRenameViewController.m in Sources */ = {isa = PBXBuildFile; fileRef = F90BF1AF1D6C2AEB00D2ECEB /* OMSceneRenameViewController.m */; };
		F90BF1B21D6C2AEB00D2ECEB /* OMSceneRenameViewController.xib in Resources */ = {isa = PBXBuildFile; fileRef = F90BF1B01D6C2AEB00D2ECEB /* OMSceneRenameViewController.xib */; };
		F90BF1B51D6C428400D2ECEB /* OMSceneSelectView.m in Sources */ = {isa = PBXBuildFile; fileRef = F90BF1B41D6C428400D2ECEB /* OMSceneSelectView.m */; };
		F911154A1D13FB5700D79185 /* OMGlobleManager.m in Sources */ = {isa = PBXBuildFile; fileRef = F91115491D13FB5700D79185 /* OMGlobleManager.m */; };
		F915607C1D0003CF009BAA36 /* OMGuideViewController.m in Sources */ = {isa = PBXBuildFile; fileRef = F915607A1D0003CF009BAA36 /* OMGuideViewController.m */; };
		F915607D1D0003CF009BAA36 /* OMGuideViewController.xib in Resources */ = {isa = PBXBuildFile; fileRef = F915607B1D0003CF009BAA36 /* OMGuideViewController.xib */; };
		F91697361D34A11B00AF1721 /* NSArray+Extend.m in Sources */ = {isa = PBXBuildFile; fileRef = F91697351D34A11B00AF1721 /* NSArray+Extend.m */; };
		F91697391D34D81200AF1721 /* NSDate+Extend.m in Sources */ = {isa = PBXBuildFile; fileRef = F91697381D34D81200AF1721 /* NSDate+Extend.m */; };
		F916973C1D34D91700AF1721 /* NSString+Extend.m in Sources */ = {isa = PBXBuildFile; fileRef = F916973B1D34D91700AF1721 /* NSString+Extend.m */; };
		F9182A931D2B469C00AF3218 /* OMAlarm.m in Sources */ = {isa = PBXBuildFile; fileRef = F9182A921D2B469C00AF3218 /* OMAlarm.m */; };
		F91E070E1D39DCE400DDE451 /* OMSingleSlider.m in Sources */ = {isa = PBXBuildFile; fileRef = F91E070D1D39DCE400DDE451 /* OMSingleSlider.m */; };
		F91E07131D39DD4A00DDE451 /* OMDoubleLightViewController.m in Sources */ = {isa = PBXBuildFile; fileRef = F91E07111D39DD4A00DDE451 /* OMDoubleLightViewController.m */; };
		F91E07141D39DD4A00DDE451 /* OMDoubleLightViewController.xib in Resources */ = {isa = PBXBuildFile; fileRef = F91E07121D39DD4A00DDE451 /* OMDoubleLightViewController.xib */; };
		F91E07171D39DD7B00DDE451 /* OMDoubleSlider.m in Sources */ = {isa = PBXBuildFile; fileRef = F91E07161D39DD7B00DDE451 /* OMDoubleSlider.m */; };
		F91EAA421D0695E30055CB35 /* ESP_ByteUtil.m in Sources */ = {isa = PBXBuildFile; fileRef = F91EAA291D0695E30055CB35 /* ESP_ByteUtil.m */; };
		F91EAA431D0695E30055CB35 /* ESP_CRC8.m in Sources */ = {isa = PBXBuildFile; fileRef = F91EAA2B1D0695E30055CB35 /* ESP_CRC8.m */; };
		F91EAA441D0695E30055CB35 /* ESP_NetUtil.m in Sources */ = {isa = PBXBuildFile; fileRef = F91EAA2D1D0695E30055CB35 /* ESP_NetUtil.m */; };
		F91EAA451D0695E30055CB35 /* ESPDataCode.m in Sources */ = {isa = PBXBuildFile; fileRef = F91EAA2F1D0695E30055CB35 /* ESPDataCode.m */; };
		F91EAA461D0695E30055CB35 /* ESPDatumCode.m in Sources */ = {isa = PBXBuildFile; fileRef = F91EAA311D0695E30055CB35 /* ESPDatumCode.m */; settings = {COMPILER_FLAGS = "-Wno-deprecated-declarations"; }; };
		F91EAA471D0695E30055CB35 /* ESPGuideCode.m in Sources */ = {isa = PBXBuildFile; fileRef = F91EAA331D0695E30055CB35 /* ESPGuideCode.m */; };
		F91EAA481D0695E30055CB35 /* ESPTouchGenerator.m in Sources */ = {isa = PBXBuildFile; fileRef = F91EAA351D0695E30055CB35 /* ESPTouchGenerator.m */; };
		F91EAA491D0695E30055CB35 /* ESPTouchResult.m in Sources */ = {isa = PBXBuildFile; fileRef = F91EAA371D0695E30055CB35 /* ESPTouchResult.m */; };
		F91EAA4A1D0695E30055CB35 /* ESPTouchTask.m in Sources */ = {isa = PBXBuildFile; fileRef = F91EAA391D0695E30055CB35 /* ESPTouchTask.m */; };
		F91EAA4B1D0695E30055CB35 /* ESPTouchTaskParameter.m in Sources */ = {isa = PBXBuildFile; fileRef = F91EAA3B1D0695E30055CB35 /* ESPTouchTaskParameter.m */; };
		F91EAA4C1D0695E30055CB35 /* ESPUDPSocketClient.m in Sources */ = {isa = PBXBuildFile; fileRef = F91EAA3D1D0695E30055CB35 /* ESPUDPSocketClient.m */; };
		F91EAA4D1D0695E30055CB35 /* ESPUDPSocketServer.m in Sources */ = {isa = PBXBuildFile; fileRef = F91EAA3F1D0695E30055CB35 /* ESPUDPSocketServer.m */; };
		F91EAA4E1D0695E30055CB35 /* IPAddress.c in Sources */ = {isa = PBXBuildFile; fileRef = F91EAA401D0695E30055CB35 /* IPAddress.c */; };
		F91F4DDD1D61590000D96A8A /* OMFannerViewController.m in Sources */ = {isa = PBXBuildFile; fileRef = F91F4DDB1D61590000D96A8A /* OMFannerViewController.m */; };
		F91F4DDE1D61590000D96A8A /* OMFannerViewController.xib in Resources */ = {isa = PBXBuildFile; fileRef = F91F4DDC1D61590000D96A8A /* OMFannerViewController.xib */; };
		F91F4DE21D615B9000D96A8A /* OMCurtainViewController.m in Sources */ = {isa = PBXBuildFile; fileRef = F91F4DE01D615B9000D96A8A /* OMCurtainViewController.m */; };
		F91F4DE31D615B9000D96A8A /* OMCurtainViewController.xib in Resources */ = {isa = PBXBuildFile; fileRef = F91F4DE11D615B9000D96A8A /* OMCurtainViewController.xib */; };
		F92ADEBE1D50345600CBE1E7 /* OMMutibleSlider.m in Sources */ = {isa = PBXBuildFile; fileRef = F92ADEBD1D50345600CBE1E7 /* OMMutibleSlider.m */; };
		F92ADEC21D50348F00CBE1E7 /* OMMutibleLightViewController.m in Sources */ = {isa = PBXBuildFile; fileRef = F92ADEC01D50348F00CBE1E7 /* OMMutibleLightViewController.m */; };
		F92ADEC31D50348F00CBE1E7 /* OMMutibleLightViewController.xib in Resources */ = {isa = PBXBuildFile; fileRef = F92ADEC11D50348F00CBE1E7 /* OMMutibleLightViewController.xib */; };
		F93399291CEC413F009C61C1 /* OMListTableViewCell.m in Sources */ = {isa = PBXBuildFile; fileRef = F93399271CEC413F009C61C1 /* OMListTableViewCell.m */; };
		F933992A1CEC413F009C61C1 /* OMListTableViewCell.xib in Resources */ = {isa = PBXBuildFile; fileRef = F93399281CEC413F009C61C1 /* OMListTableViewCell.xib */; };
		F933992E1CEC47C0009C61C1 /* OMDevice.m in Sources */ = {isa = PBXBuildFile; fileRef = F933992D1CEC47C0009C61C1 /* OMDevice.m */; };
		F93780751D11023900271753 /* OMEditRoomDeviceViewController.m in Sources */ = {isa = PBXBuildFile; fileRef = F93780731D11023900271753 /* OMEditRoomDeviceViewController.m */; };
		F93780761D11023900271753 /* OMEditRoomDeviceViewController.xib in Resources */ = {isa = PBXBuildFile; fileRef = F93780741D11023900271753 /* OMEditRoomDeviceViewController.xib */; };
		F93831E11CF2D7E4003807A9 /* OMBaseTableViewCell.m in Sources */ = {isa = PBXBuildFile; fileRef = F93831E01CF2D7E4003807A9 /* OMBaseTableViewCell.m */; };
		F93831E61CF2E317003807A9 /* OMWifiConfigViewController.m in Sources */ = {isa = PBXBuildFile; fileRef = F93831E41CF2E317003807A9 /* OMWifiConfigViewController.m */; settings = {COMPILER_FLAGS = "-Wno-deprecated-declarations"; }; };
		F93831E71CF2E317003807A9 /* OMWifiConfigViewController.xib in Resources */ = {isa = PBXBuildFile; fileRef = F93831E51CF2E317003807A9 /* OMWifiConfigViewController.xib */; };
		F93831EB1CF2EBF4003807A9 /* OMAddGateWayViewController.m in Sources */ = {isa = PBXBuildFile; fileRef = F93831E91CF2EBF4003807A9 /* OMAddGateWayViewController.m */; };
		F93831EC1CF2EBF4003807A9 /* OMAddGateWayViewController.xib in Resources */ = {isa = PBXBuildFile; fileRef = F93831EA1CF2EBF4003807A9 /* OMAddGateWayViewController.xib */; };
		F941E1FF1D05608C00A70A3F /* OMRoomCollectionViewCell.m in Sources */ = {isa = PBXBuildFile; fileRef = F941E1F51D05608C00A70A3F /* OMRoomCollectionViewCell.m */; };
		F941E2001D05608C00A70A3F /* OMRoomCollectionViewCell.xib in Resources */ = {isa = PBXBuildFile; fileRef = F941E1F61D05608C00A70A3F /* OMRoomCollectionViewCell.xib */; };
		F941E2011D05608C00A70A3F /* OMRoomCollectionViewFlowLayout.m in Sources */ = {isa = PBXBuildFile; fileRef = F941E1F81D05608C00A70A3F /* OMRoomCollectionViewFlowLayout.m */; };
		F941E2021D05608C00A70A3F /* OMRoomTableViewCell.m in Sources */ = {isa = PBXBuildFile; fileRef = F941E1FA1D05608C00A70A3F /* OMRoomTableViewCell.m */; };
		F941E2031D05608C00A70A3F /* OMRoomTableViewCell.xib in Resources */ = {isa = PBXBuildFile; fileRef = F941E1FB1D05608C00A70A3F /* OMRoomTableViewCell.xib */; };
		F941E2041D05608C00A70A3F /* OMRoomViewController.m in Sources */ = {isa = PBXBuildFile; fileRef = F941E1FD1D05608C00A70A3F /* OMRoomViewController.m */; };
		F941E2051D05608C00A70A3F /* OMRoomViewController.xib in Resources */ = {isa = PBXBuildFile; fileRef = F941E1FE1D05608C00A70A3F /* OMRoomViewController.xib */; };
		F941E20A1D0560E800A70A3F /* OMAddRoomDeviceViewController.m in Sources */ = {isa = PBXBuildFile; fileRef = F941E2081D0560E800A70A3F /* OMAddRoomDeviceViewController.m */; };
		F941E20B1D0560E800A70A3F /* OMAddRoomDeviceViewController.xib in Resources */ = {isa = PBXBuildFile; fileRef = F941E2091D0560E800A70A3F /* OMAddRoomDeviceViewController.xib */; };
		F943C1A11D06A4F400842778 /* NSObject+Extend.m in Sources */ = {isa = PBXBuildFile; fileRef = F943C1A01D06A4F400842778 /* NSObject+Extend.m */; };
		F943C1A41D06ACA200842778 /* OMBaseScrollViewController.m in Sources */ = {isa = PBXBuildFile; fileRef = F943C1A31D06ACA200842778 /* OMBaseScrollViewController.m */; };
		F943C6331D0E9F090097DA67 /* OMAddRoomViewController.m in Sources */ = {isa = PBXBuildFile; fileRef = F943C6311D0E9F090097DA67 /* OMAddRoomViewController.m */; };
		F943C6341D0E9F090097DA67 /* OMAddRoomViewController.xib in Resources */ = {isa = PBXBuildFile; fileRef = F943C6321D0E9F090097DA67 /* OMAddRoomViewController.xib */; };
		F944CDD61CE9977F009547A0 /* OMRegisterViewController.m in Sources */ = {isa = PBXBuildFile; fileRef = F944CDD41CE9977F009547A0 /* OMRegisterViewController.m */; };
		F944CDD71CE9977F009547A0 /* OMRegisterViewController.xib in Resources */ = {isa = PBXBuildFile; fileRef = F944CDD51CE9977F009547A0 /* OMRegisterViewController.xib */; };
		F944CDDB1CE9B2A1009547A0 /* OMUDPNetWork.m in Sources */ = {isa = PBXBuildFile; fileRef = F944CDDA1CE9B2A1009547A0 /* OMUDPNetWork.m */; };
		F944CDDE1CE9B2CB009547A0 /* UIView+HUD.m in Sources */ = {isa = PBXBuildFile; fileRef = F944CDDD1CE9B2CB009547A0 /* UIView+HUD.m */; };
		F944CDE11CE9B677009547A0 /* OMTCPNetWork.m in Sources */ = {isa = PBXBuildFile; fileRef = F944CDE01CE9B677009547A0 /* OMTCPNetWork.m */; };
		F9621BE21CE2C6240058DBA7 /* main.m in Sources */ = {isa = PBXBuildFile; fileRef = F9621BE11CE2C6240058DBA7 /* main.m */; };
		F9621BE51CE2C6240058DBA7 /* AppDelegate.m in Sources */ = {isa = PBXBuildFile; fileRef = F9621BE41CE2C6240058DBA7 /* AppDelegate.m */; };
		F9621BE81CE2C6240058DBA7 /* OMRootViewController.m in Sources */ = {isa = PBXBuildFile; fileRef = F9621BE71CE2C6240058DBA7 /* OMRootViewController.m */; };
		F9621BEB1CE2C6240058DBA7 /* Main.storyboard in Resources */ = {isa = PBXBuildFile; fileRef = F9621BE91CE2C6240058DBA7 /* Main.storyboard */; };
		F9621BED1CE2C6240058DBA7 /* Assets.xcassets in Resources */ = {isa = PBXBuildFile; fileRef = F9621BEC1CE2C6240058DBA7 /* Assets.xcassets */; };
		F964F9101D040922005FD22F /* UIButton+EnlargeEdge.m in Sources */ = {isa = PBXBuildFile; fileRef = F964F90F1D040922005FD22F /* UIButton+EnlargeEdge.m */; };
		F964F9161D040B66005FD22F /* NSCharacterSet+Common.m in Sources */ = {isa = PBXBuildFile; fileRef = F964F9151D040B66005FD22F /* NSCharacterSet+Common.m */; };
		F964F9191D040EEF005FD22F /* OMRoom.m in Sources */ = {isa = PBXBuildFile; fileRef = F964F9181D040EEF005FD22F /* OMRoom.m */; };
		F96CE8101D6D941E004DCE41 /* OMSceneConfigViewController.m in Sources */ = {isa = PBXBuildFile; fileRef = F96CE80E1D6D941E004DCE41 /* OMSceneConfigViewController.m */; };
		F96CE8111D6D941E004DCE41 /* OMSceneConfigViewController.xib in Resources */ = {isa = PBXBuildFile; fileRef = F96CE80F1D6D941E004DCE41 /* OMSceneConfigViewController.xib */; };
		F9A19C891D2BE9B900965553 /* OMAddTimingViewController.m in Sources */ = {isa = PBXBuildFile; fileRef = F9A19C871D2BE9B900965553 /* OMAddTimingViewController.m */; };
		F9A19C8A1D2BE9B900965553 /* OMAddTimingViewController.xib in Resources */ = {isa = PBXBuildFile; fileRef = F9A19C881D2BE9B900965553 /* OMAddTimingViewController.xib */; };
		F9A19C8D1D2BEAC700965553 /* UIViewController+Extend.m in Sources */ = {isa = PBXBuildFile; fileRef = F9A19C8C1D2BEAC700965553 /* UIViewController+Extend.m */; };
		F9A1D09C1D29482B007ECDAB /* OMSwitchViewController.m in Sources */ = {isa = PBXBuildFile; fileRef = F9A1D09A1D29482B007ECDAB /* OMSwitchViewController.m */; };
		F9A1D09D1D29482B007ECDAB /* OMSwitchViewController.xib in Resources */ = {isa = PBXBuildFile; fileRef = F9A1D09B1D29482B007ECDAB /* OMSwitchViewController.xib */; };
		F9BC970C1CE85CE5000A1998 /* UIColor+Extend.m in Sources */ = {isa = PBXBuildFile; fileRef = F9BC970B1CE85CE5000A1998 /* UIColor+Extend.m */; };
		F9C19A8E1D01261A005AFEEB /* OMBaseCollectionViewCell.m in Sources */ = {isa = PBXBuildFile; fileRef = F9C19A8D1D01261A005AFEEB /* OMBaseCollectionViewCell.m */; };
		F9C1BE0B1D046DB40036AFA5 /* NSMutableDictionary+Room.m in Sources */ = {isa = PBXBuildFile; fileRef = F9C1BE0A1D046DB40036AFA5 /* NSMutableDictionary+Room.m */; };
		F9C4A7AB1D20BF4E00555E7C /* OMAlertView.m in Sources */ = {isa = PBXBuildFile; fileRef = F9C4A7AA1D20BF4E00555E7C /* OMAlertView.m */; };
		F9C4A7AE1D20C50400555E7C /* OMDeviceConfigView.m in Sources */ = {isa = PBXBuildFile; fileRef = F9C4A7AD1D20C50400555E7C /* OMDeviceConfigView.m */; };
		F9C4A7B11D20C56100555E7C /* OMBaseView.m in Sources */ = {isa = PBXBuildFile; fileRef = F9C4A7B01D20C56100555E7C /* OMBaseView.m */; };
		F9C4A7B41D20DA9000555E7C /* UIImage+Extend.m in Sources */ = {isa = PBXBuildFile; fileRef = F9C4A7B31D20DA9000555E7C /* UIImage+Extend.m */; };
		F9C72EF71CE9EEB100DCBAED /* OMListViewController.m in Sources */ = {isa = PBXBuildFile; fileRef = F9C72EF51CE9EEB100DCBAED /* OMListViewController.m */; };
		F9C72EF81CE9EEB100DCBAED /* OMListViewController.xib in Resources */ = {isa = PBXBuildFile; fileRef = F9C72EF61CE9EEB100DCBAED /* OMListViewController.xib */; };
		F9DE59B91D2A5D1900CB4CAB /* OMAlarmView.m in Sources */ = {isa = PBXBuildFile; fileRef = F9DE59B81D2A5D1900CB4CAB /* OMAlarmView.m */; };
		F9E6432C1CE5BD7F00D35FB1 /* OMBaseViewController.m in Sources */ = {isa = PBXBuildFile; fileRef = F9E6432A1CE5BD7F00D35FB1 /* OMBaseViewController.m */; };
		F9E643321CE5C4DC00D35FB1 /* OMLoginViewController.m in Sources */ = {isa = PBXBuildFile; fileRef = F9E643301CE5C4DC00D35FB1 /* OMLoginViewController.m */; };
		F9E643331CE5C4DC00D35FB1 /* OMLoginViewController.xib in Resources */ = {isa = PBXBuildFile; fileRef = F9E643311CE5C4DC00D35FB1 /* OMLoginViewController.xib */; };
		F9E9B9411D6E84C5006B1BF5 /* OMRoomScene.m in Sources */ = {isa = PBXBuildFile; fileRef = F9E9B9401D6E84C5006B1BF5 /* OMRoomScene.m */; };
		F9EA632D1D6ADC48006243D5 /* OMSceneViewController.m in Sources */ = {isa = PBXBuildFile; fileRef = F9EA632B1D6ADC48006243D5 /* OMSceneViewController.m */; };
		F9EA632E1D6ADC48006243D5 /* OMSceneViewController.xib in Resources */ = {isa = PBXBuildFile; fileRef = F9EA632C1D6ADC48006243D5 /* OMSceneViewController.xib */; };
		F9EA63311D6AF293006243D5 /* OMDrawerViewController.m in Sources */ = {isa = PBXBuildFile; fileRef = F9EA63301D6AF293006243D5 /* OMDrawerViewController.m */; };
		F9EE643F1D6B1BB600B4E713 /* OMScene.m in Sources */ = {isa = PBXBuildFile; fileRef = F9EE643E1D6B1BB600B4E713 /* OMScene.m */; };
		F9FCF3921D2DFFC100508A8B /* OMSingleLightViewController.m in Sources */ = {isa = PBXBuildFile; fileRef = F9FCF3901D2DFFC100508A8B /* OMSingleLightViewController.m */; };
		F9FCF3931D2DFFC100508A8B /* OMSingleLightViewController.xib in Resources */ = {isa = PBXBuildFile; fileRef = F9FCF3911D2DFFC100508A8B /* OMSingleLightViewController.xib */; };
/* End PBXBuildFile section */

/* Begin PBXFileReference section */
		00B1572090FA155561585926 /* Pods-OMNI.release.xcconfig */ = {isa = PBXFileReference; includeInIndex = 1; lastKnownFileType = text.xcconfig; name = "Pods-OMNI.release.xcconfig"; path = "Pods/Target Support Files/Pods-OMNI/Pods-OMNI.release.xcconfig"; sourceTree = "<group>"; };
		6D4562274CB06EE4A6CD5164 /* Pods-OMNI.debug.xcconfig */ = {isa = PBXFileReference; includeInIndex = 1; lastKnownFileType = text.xcconfig; name = "Pods-OMNI.debug.xcconfig"; path = "Pods/Target Support Files/Pods-OMNI/Pods-OMNI.debug.xcconfig"; sourceTree = "<group>"; };
		F90579991D51A12E00FC23F0 /* OMMutiableLightThemeViewController.h */ = {isa = PBXFileReference; fileEncoding = 4; lastKnownFileType = sourcecode.c.h; path = OMMutiableLightThemeViewController.h; sourceTree = "<group>"; };
		F905799A1D51A12E00FC23F0 /* OMMutiableLightThemeViewController.m */ = {isa = PBXFileReference; fileEncoding = 4; lastKnownFileType = sourcecode.c.objc; path = OMMutiableLightThemeViewController.m; sourceTree = "<group>"; };
		F905799B1D51A12E00FC23F0 /* OMMutiableLightThemeViewController.xib */ = {isa = PBXFileReference; fileEncoding = 4; lastKnownFileType = file.xib; path = OMMutiableLightThemeViewController.xib; sourceTree = "<group>"; };
		F905799E1D51A15900FC23F0 /* OMMutiableLightColorViewController.h */ = {isa = PBXFileReference; fileEncoding = 4; lastKnownFileType = sourcecode.c.h; path = OMMutiableLightColorViewController.h; sourceTree = "<group>"; };
		F905799F1D51A15900FC23F0 /* OMMutiableLightColorViewController.m */ = {isa = PBXFileReference; fileEncoding = 4; lastKnownFileType = sourcecode.c.objc; path = OMMutiableLightColorViewController.m; sourceTree = "<group>"; };
		F90579A01D51A15900FC23F0 /* OMMutiableLightColorViewController.xib */ = {isa = PBXFileReference; fileEncoding = 4; lastKnownFileType = file.xib; path = OMMutiableLightColorViewController.xib; sourceTree = "<group>"; };
		F90BF1AB1D6C25B900D2ECEB /* OMGloble.h */ = {isa = PBXFileReference; fileEncoding = 4; lastKnownFileType = sourcecode.c.h; path = OMGloble.h; sourceTree = "<group>"; };
		F90BF1AC1D6C25B900D2ECEB /* OMGloble.m */ = {isa = PBXFileReference; fileEncoding = 4; lastKnownFileType = sourcecode.c.objc; path = OMGloble.m; sourceTree = "<group>"; };
		F90BF1AF1D6C2AEB00D2ECEB /* OMSceneRenameViewController.m */ = {isa = PBXFileReference; fileEncoding = 4; lastKnownFileType = sourcecode.c.objc; path = OMSceneRenameViewController.m; sourceTree = "<group>"; };
		F90BF1B01D6C2AEB00D2ECEB /* OMSceneRenameViewController.xib */ = {isa = PBXFileReference; fileEncoding = 4; lastKnownFileType = file.xib; path = OMSceneRenameViewController.xib; sourceTree = "<group>"; };
		F90BF1B31D6C428400D2ECEB /* OMSceneSelectView.h */ = {isa = PBXFileReference; fileEncoding = 4; lastKnownFileType = sourcecode.c.h; path = OMSceneSelectView.h; sourceTree = "<group>"; };
		F90BF1B41D6C428400D2ECEB /* OMSceneSelectView.m */ = {isa = PBXFileReference; fileEncoding = 4; lastKnownFileType = sourcecode.c.objc; path = OMSceneSelectView.m; sourceTree = "<group>"; };
		F91115481D13FB5700D79185 /* OMGlobleManager.h */ = {isa = PBXFileReference; fileEncoding = 4; lastKnownFileType = sourcecode.c.h; path = OMGlobleManager.h; sourceTree = "<group>"; };
		F91115491D13FB5700D79185 /* OMGlobleManager.m */ = {isa = PBXFileReference; fileEncoding = 4; lastKnownFileType = sourcecode.c.objc; path = OMGlobleManager.m; sourceTree = "<group>"; };
		F91560791D0003CF009BAA36 /* OMGuideViewController.h */ = {isa = PBXFileReference; fileEncoding = 4; lastKnownFileType = sourcecode.c.h; path = OMGuideViewController.h; sourceTree = "<group>"; };
		F915607A1D0003CF009BAA36 /* OMGuideViewController.m */ = {isa = PBXFileReference; fileEncoding = 4; lastKnownFileType = sourcecode.c.objc; path = OMGuideViewController.m; sourceTree = "<group>"; };
		F915607B1D0003CF009BAA36 /* OMGuideViewController.xib */ = {isa = PBXFileReference; fileEncoding = 4; lastKnownFileType = file.xib; path = OMGuideViewController.xib; sourceTree = "<group>"; };
		F91697341D34A11B00AF1721 /* NSArray+Extend.h */ = {isa = PBXFileReference; fileEncoding = 4; lastKnownFileType = sourcecode.c.h; path = "NSArray+Extend.h"; sourceTree = "<group>"; };
		F91697351D34A11B00AF1721 /* NSArray+Extend.m */ = {isa = PBXFileReference; fileEncoding = 4; lastKnownFileType = sourcecode.c.objc; path = "NSArray+Extend.m"; sourceTree = "<group>"; };
		F91697371D34D81200AF1721 /* NSDate+Extend.h */ = {isa = PBXFileReference; fileEncoding = 4; lastKnownFileType = sourcecode.c.h; path = "NSDate+Extend.h"; sourceTree = "<group>"; };
		F91697381D34D81200AF1721 /* NSDate+Extend.m */ = {isa = PBXFileReference; fileEncoding = 4; lastKnownFileType = sourcecode.c.objc; path = "NSDate+Extend.m"; sourceTree = "<group>"; };
		F916973A1D34D91700AF1721 /* NSString+Extend.h */ = {isa = PBXFileReference; fileEncoding = 4; lastKnownFileType = sourcecode.c.h; path = "NSString+Extend.h"; sourceTree = "<group>"; };
		F916973B1D34D91700AF1721 /* NSString+Extend.m */ = {isa = PBXFileReference; fileEncoding = 4; lastKnownFileType = sourcecode.c.objc; path = "NSString+Extend.m"; sourceTree = "<group>"; };
		F9182A911D2B469C00AF3218 /* OMAlarm.h */ = {isa = PBXFileReference; fileEncoding = 4; lastKnownFileType = sourcecode.c.h; path = OMAlarm.h; sourceTree = "<group>"; };
		F9182A921D2B469C00AF3218 /* OMAlarm.m */ = {isa = PBXFileReference; fileEncoding = 4; lastKnownFileType = sourcecode.c.objc; path = OMAlarm.m; sourceTree = "<group>"; };
		F91E070C1D39DCE400DDE451 /* OMSingleSlider.h */ = {isa = PBXFileReference; fileEncoding = 4; lastKnownFileType = sourcecode.c.h; path = OMSingleSlider.h; sourceTree = "<group>"; };
		F91E070D1D39DCE400DDE451 /* OMSingleSlider.m */ = {isa = PBXFileReference; fileEncoding = 4; lastKnownFileType = sourcecode.c.objc; path = OMSingleSlider.m; sourceTree = "<group>"; };
		F91E07101D39DD4A00DDE451 /* OMDoubleLightViewController.h */ = {isa = PBXFileReference; fileEncoding = 4; lastKnownFileType = sourcecode.c.h; path = OMDoubleLightViewController.h; sourceTree = "<group>"; };
		F91E07111D39DD4A00DDE451 /* OMDoubleLightViewController.m */ = {isa = PBXFileReference; fileEncoding = 4; lastKnownFileType = sourcecode.c.objc; path = OMDoubleLightViewController.m; sourceTree = "<group>"; };
		F91E07121D39DD4A00DDE451 /* OMDoubleLightViewController.xib */ = {isa = PBXFileReference; fileEncoding = 4; lastKnownFileType = file.xib; path = OMDoubleLightViewController.xib; sourceTree = "<group>"; };
		F91E07151D39DD7B00DDE451 /* OMDoubleSlider.h */ = {isa = PBXFileReference; fileEncoding = 4; lastKnownFileType = sourcecode.c.h; path = OMDoubleSlider.h; sourceTree = "<group>"; };
		F91E07161D39DD7B00DDE451 /* OMDoubleSlider.m */ = {isa = PBXFileReference; fileEncoding = 4; lastKnownFileType = sourcecode.c.objc; path = OMDoubleSlider.m; sourceTree = "<group>"; };
		F91EAA281D0695E30055CB35 /* ESP_ByteUtil.h */ = {isa = PBXFileReference; fileEncoding = 4; lastKnownFileType = sourcecode.c.h; path = ESP_ByteUtil.h; sourceTree = "<group>"; };
		F91EAA291D0695E30055CB35 /* ESP_ByteUtil.m */ = {isa = PBXFileReference; fileEncoding = 4; lastKnownFileType = sourcecode.c.objc; path = ESP_ByteUtil.m; sourceTree = "<group>"; };
		F91EAA2A1D0695E30055CB35 /* ESP_CRC8.h */ = {isa = PBXFileReference; fileEncoding = 4; lastKnownFileType = sourcecode.c.h; path = ESP_CRC8.h; sourceTree = "<group>"; };
		F91EAA2B1D0695E30055CB35 /* ESP_CRC8.m */ = {isa = PBXFileReference; fileEncoding = 4; lastKnownFileType = sourcecode.c.objc; path = ESP_CRC8.m; sourceTree = "<group>"; };
		F91EAA2C1D0695E30055CB35 /* ESP_NetUtil.h */ = {isa = PBXFileReference; fileEncoding = 4; lastKnownFileType = sourcecode.c.h; path = ESP_NetUtil.h; sourceTree = "<group>"; };
		F91EAA2D1D0695E30055CB35 /* ESP_NetUtil.m */ = {isa = PBXFileReference; fileEncoding = 4; lastKnownFileType = sourcecode.c.objc; path = ESP_NetUtil.m; sourceTree = "<group>"; };
		F91EAA2E1D0695E30055CB35 /* ESPDataCode.h */ = {isa = PBXFileReference; fileEncoding = 4; lastKnownFileType = sourcecode.c.h; path = ESPDataCode.h; sourceTree = "<group>"; };
		F91EAA2F1D0695E30055CB35 /* ESPDataCode.m */ = {isa = PBXFileReference; fileEncoding = 4; lastKnownFileType = sourcecode.c.objc; path = ESPDataCode.m; sourceTree = "<group>"; };
		F91EAA301D0695E30055CB35 /* ESPDatumCode.h */ = {isa = PBXFileReference; fileEncoding = 4; lastKnownFileType = sourcecode.c.h; path = ESPDatumCode.h; sourceTree = "<group>"; };
		F91EAA311D0695E30055CB35 /* ESPDatumCode.m */ = {isa = PBXFileReference; fileEncoding = 4; lastKnownFileType = sourcecode.c.objc; path = ESPDatumCode.m; sourceTree = "<group>"; };
		F91EAA321D0695E30055CB35 /* ESPGuideCode.h */ = {isa = PBXFileReference; fileEncoding = 4; lastKnownFileType = sourcecode.c.h; path = ESPGuideCode.h; sourceTree = "<group>"; };
		F91EAA331D0695E30055CB35 /* ESPGuideCode.m */ = {isa = PBXFileReference; fileEncoding = 4; lastKnownFileType = sourcecode.c.objc; path = ESPGuideCode.m; sourceTree = "<group>"; };
		F91EAA341D0695E30055CB35 /* ESPTouchGenerator.h */ = {isa = PBXFileReference; fileEncoding = 4; lastKnownFileType = sourcecode.c.h; path = ESPTouchGenerator.h; sourceTree = "<group>"; };
		F91EAA351D0695E30055CB35 /* ESPTouchGenerator.m */ = {isa = PBXFileReference; fileEncoding = 4; lastKnownFileType = sourcecode.c.objc; path = ESPTouchGenerator.m; sourceTree = "<group>"; };
		F91EAA361D0695E30055CB35 /* ESPTouchResult.h */ = {isa = PBXFileReference; fileEncoding = 4; lastKnownFileType = sourcecode.c.h; path = ESPTouchResult.h; sourceTree = "<group>"; };
		F91EAA371D0695E30055CB35 /* ESPTouchResult.m */ = {isa = PBXFileReference; fileEncoding = 4; lastKnownFileType = sourcecode.c.objc; path = ESPTouchResult.m; sourceTree = "<group>"; };
		F91EAA381D0695E30055CB35 /* ESPTouchTask.h */ = {isa = PBXFileReference; fileEncoding = 4; lastKnownFileType = sourcecode.c.h; path = ESPTouchTask.h; sourceTree = "<group>"; };
		F91EAA391D0695E30055CB35 /* ESPTouchTask.m */ = {isa = PBXFileReference; fileEncoding = 4; lastKnownFileType = sourcecode.c.objc; path = ESPTouchTask.m; sourceTree = "<group>"; };
		F91EAA3A1D0695E30055CB35 /* ESPTouchTaskParameter.h */ = {isa = PBXFileReference; fileEncoding = 4; lastKnownFileType = sourcecode.c.h; path = ESPTouchTaskParameter.h; sourceTree = "<group>"; };
		F91EAA3B1D0695E30055CB35 /* ESPTouchTaskParameter.m */ = {isa = PBXFileReference; fileEncoding = 4; lastKnownFileType = sourcecode.c.objc; path = ESPTouchTaskParameter.m; sourceTree = "<group>"; };
		F91EAA3C1D0695E30055CB35 /* ESPUDPSocketClient.h */ = {isa = PBXFileReference; fileEncoding = 4; lastKnownFileType = sourcecode.c.h; path = ESPUDPSocketClient.h; sourceTree = "<group>"; };
		F91EAA3D1D0695E30055CB35 /* ESPUDPSocketClient.m */ = {isa = PBXFileReference; fileEncoding = 4; lastKnownFileType = sourcecode.c.objc; path = ESPUDPSocketClient.m; sourceTree = "<group>"; };
		F91EAA3E1D0695E30055CB35 /* ESPUDPSocketServer.h */ = {isa = PBXFileReference; fileEncoding = 4; lastKnownFileType = sourcecode.c.h; path = ESPUDPSocketServer.h; sourceTree = "<group>"; };
		F91EAA3F1D0695E30055CB35 /* ESPUDPSocketServer.m */ = {isa = PBXFileReference; fileEncoding = 4; lastKnownFileType = sourcecode.c.objc; path = ESPUDPSocketServer.m; sourceTree = "<group>"; };
		F91EAA401D0695E30055CB35 /* IPAddress.c */ = {isa = PBXFileReference; explicitFileType = sourcecode.c.objc; fileEncoding = 4; path = IPAddress.c; sourceTree = "<group>"; };
		F91EAA411D0695E30055CB35 /* IPAddress.h */ = {isa = PBXFileReference; fileEncoding = 4; lastKnownFileType = sourcecode.c.h; path = IPAddress.h; sourceTree = "<group>"; };
		F91F4DDA1D61590000D96A8A /* OMFannerViewController.h */ = {isa = PBXFileReference; fileEncoding = 4; lastKnownFileType = sourcecode.c.h; path = OMFannerViewController.h; sourceTree = "<group>"; };
		F91F4DDB1D61590000D96A8A /* OMFannerViewController.m */ = {isa = PBXFileReference; fileEncoding = 4; lastKnownFileType = sourcecode.c.objc; path = OMFannerViewController.m; sourceTree = "<group>"; };
		F91F4DDC1D61590000D96A8A /* OMFannerViewController.xib */ = {isa = PBXFileReference; fileEncoding = 4; lastKnownFileType = file.xib; path = OMFannerViewController.xib; sourceTree = "<group>"; };
		F91F4DDF1D615B9000D96A8A /* OMCurtainViewController.h */ = {isa = PBXFileReference; fileEncoding = 4; lastKnownFileType = sourcecode.c.h; path = OMCurtainViewController.h; sourceTree = "<group>"; };
		F91F4DE01D615B9000D96A8A /* OMCurtainViewController.m */ = {isa = PBXFileReference; fileEncoding = 4; lastKnownFileType = sourcecode.c.objc; path = OMCurtainViewController.m; sourceTree = "<group>"; };
		F91F4DE11D615B9000D96A8A /* OMCurtainViewController.xib */ = {isa = PBXFileReference; fileEncoding = 4; lastKnownFileType = file.xib; path = OMCurtainViewController.xib; sourceTree = "<group>"; };
		F92ADEBC1D50345600CBE1E7 /* OMMutibleSlider.h */ = {isa = PBXFileReference; fileEncoding = 4; lastKnownFileType = sourcecode.c.h; path = OMMutibleSlider.h; sourceTree = "<group>"; };
		F92ADEBD1D50345600CBE1E7 /* OMMutibleSlider.m */ = {isa = PBXFileReference; fileEncoding = 4; lastKnownFileType = sourcecode.c.objc; path = OMMutibleSlider.m; sourceTree = "<group>"; };
		F92ADEBF1D50348F00CBE1E7 /* OMMutibleLightViewController.h */ = {isa = PBXFileReference; fileEncoding = 4; lastKnownFileType = sourcecode.c.h; path = OMMutibleLightViewController.h; sourceTree = "<group>"; };
		F92ADEC01D50348F00CBE1E7 /* OMMutibleLightViewController.m */ = {isa = PBXFileReference; fileEncoding = 4; lastKnownFileType = sourcecode.c.objc; path = OMMutibleLightViewController.m; sourceTree = "<group>"; };
		F92ADEC11D50348F00CBE1E7 /* OMMutibleLightViewController.xib */ = {isa = PBXFileReference; fileEncoding = 4; lastKnownFileType = file.xib; path = OMMutibleLightViewController.xib; sourceTree = "<group>"; };
		F9311DCD1CE5D75400E5F07F /* const.h */ = {isa = PBXFileReference; lastKnownFileType = sourcecode.c.h; path = const.h; sourceTree = "<group>"; };
		F933746F02753ACFE8C9AA1A /* Pods_OMNI.framework */ = {isa = PBXFileReference; explicitFileType = wrapper.framework; includeInIndex = 0; path = Pods_OMNI.framework; sourceTree = BUILT_PRODUCTS_DIR; };
		F93399261CEC413F009C61C1 /* OMListTableViewCell.h */ = {isa = PBXFileReference; fileEncoding = 4; lastKnownFileType = sourcecode.c.h; path = OMListTableViewCell.h; sourceTree = "<group>"; };
		F93399271CEC413F009C61C1 /* OMListTableViewCell.m */ = {isa = PBXFileReference; fileEncoding = 4; lastKnownFileType = sourcecode.c.objc; path = OMListTableViewCell.m; sourceTree = "<group>"; };
		F93399281CEC413F009C61C1 /* OMListTableViewCell.xib */ = {isa = PBXFileReference; fileEncoding = 4; lastKnownFileType = file.xib; path = OMListTableViewCell.xib; sourceTree = "<group>"; };
		F933992C1CEC47C0009C61C1 /* OMDevice.h */ = {isa = PBXFileReference; fileEncoding = 4; lastKnownFileType = sourcecode.c.h; path = OMDevice.h; sourceTree = "<group>"; };
		F933992D1CEC47C0009C61C1 /* OMDevice.m */ = {isa = PBXFileReference; fileEncoding = 4; lastKnownFileType = sourcecode.c.objc; path = OMDevice.m; sourceTree = "<group>"; };
		F93780721D11023900271753 /* OMEditRoomDeviceViewController.h */ = {isa = PBXFileReference; fileEncoding = 4; lastKnownFileType = sourcecode.c.h; path = OMEditRoomDeviceViewController.h; sourceTree = "<group>"; };
		F93780731D11023900271753 /* OMEditRoomDeviceViewController.m */ = {isa = PBXFileReference; fileEncoding = 4; lastKnownFileType = sourcecode.c.objc; path = OMEditRoomDeviceViewController.m; sourceTree = "<group>"; };
		F93780741D11023900271753 /* OMEditRoomDeviceViewController.xib */ = {isa = PBXFileReference; fileEncoding = 4; lastKnownFileType = file.xib; path = OMEditRoomDeviceViewController.xib; sourceTree = "<group>"; };
		F93831DF1CF2D7E4003807A9 /* OMBaseTableViewCell.h */ = {isa = PBXFileReference; fileEncoding = 4; lastKnownFileType = sourcecode.c.h; path = OMBaseTableViewCell.h; sourceTree = "<group>"; };
		F93831E01CF2D7E4003807A9 /* OMBaseTableViewCell.m */ = {isa = PBXFileReference; fileEncoding = 4; lastKnownFileType = sourcecode.c.objc; path = OMBaseTableViewCell.m; sourceTree = "<group>"; };
		F93831E31CF2E317003807A9 /* OMWifiConfigViewController.h */ = {isa = PBXFileReference; fileEncoding = 4; lastKnownFileType = sourcecode.c.h; path = OMWifiConfigViewController.h; sourceTree = "<group>"; };
		F93831E41CF2E317003807A9 /* OMWifiConfigViewController.m */ = {isa = PBXFileReference; fileEncoding = 4; lastKnownFileType = sourcecode.c.objc; path = OMWifiConfigViewController.m; sourceTree = "<group>"; };
		F93831E51CF2E317003807A9 /* OMWifiConfigViewController.xib */ = {isa = PBXFileReference; fileEncoding = 4; lastKnownFileType = file.xib; path = OMWifiConfigViewController.xib; sourceTree = "<group>"; };
		F93831E81CF2EBF4003807A9 /* OMAddGateWayViewController.h */ = {isa = PBXFileReference; fileEncoding = 4; lastKnownFileType = sourcecode.c.h; path = OMAddGateWayViewController.h; sourceTree = "<group>"; };
		F93831E91CF2EBF4003807A9 /* OMAddGateWayViewController.m */ = {isa = PBXFileReference; fileEncoding = 4; lastKnownFileType = sourcecode.c.objc; path = OMAddGateWayViewController.m; sourceTree = "<group>"; };
		F93831EA1CF2EBF4003807A9 /* OMAddGateWayViewController.xib */ = {isa = PBXFileReference; fileEncoding = 4; lastKnownFileType = file.xib; path = OMAddGateWayViewController.xib; sourceTree = "<group>"; };
		F941E1F41D05608C00A70A3F /* OMRoomCollectionViewCell.h */ = {isa = PBXFileReference; fileEncoding = 4; lastKnownFileType = sourcecode.c.h; path = OMRoomCollectionViewCell.h; sourceTree = "<group>"; };
		F941E1F51D05608C00A70A3F /* OMRoomCollectionViewCell.m */ = {isa = PBXFileReference; fileEncoding = 4; lastKnownFileType = sourcecode.c.objc; path = OMRoomCollectionViewCell.m; sourceTree = "<group>"; };
		F941E1F61D05608C00A70A3F /* OMRoomCollectionViewCell.xib */ = {isa = PBXFileReference; fileEncoding = 4; lastKnownFileType = file.xib; path = OMRoomCollectionViewCell.xib; sourceTree = "<group>"; };
		F941E1F71D05608C00A70A3F /* OMRoomCollectionViewFlowLayout.h */ = {isa = PBXFileReference; fileEncoding = 4; lastKnownFileType = sourcecode.c.h; path = OMRoomCollectionViewFlowLayout.h; sourceTree = "<group>"; };
		F941E1F81D05608C00A70A3F /* OMRoomCollectionViewFlowLayout.m */ = {isa = PBXFileReference; fileEncoding = 4; lastKnownFileType = sourcecode.c.objc; path = OMRoomCollectionViewFlowLayout.m; sourceTree = "<group>"; };
		F941E1F91D05608C00A70A3F /* OMRoomTableViewCell.h */ = {isa = PBXFileReference; fileEncoding = 4; lastKnownFileType = sourcecode.c.h; path = OMRoomTableViewCell.h; sourceTree = "<group>"; };
		F941E1FA1D05608C00A70A3F /* OMRoomTableViewCell.m */ = {isa = PBXFileReference; fileEncoding = 4; lastKnownFileType = sourcecode.c.objc; path = OMRoomTableViewCell.m; sourceTree = "<group>"; };
		F941E1FB1D05608C00A70A3F /* OMRoomTableViewCell.xib */ = {isa = PBXFileReference; fileEncoding = 4; lastKnownFileType = file.xib; path = OMRoomTableViewCell.xib; sourceTree = "<group>"; };
		F941E1FC1D05608C00A70A3F /* OMRoomViewController.h */ = {isa = PBXFileReference; fileEncoding = 4; lastKnownFileType = sourcecode.c.h; path = OMRoomViewController.h; sourceTree = "<group>"; };
		F941E1FD1D05608C00A70A3F /* OMRoomViewController.m */ = {isa = PBXFileReference; fileEncoding = 4; lastKnownFileType = sourcecode.c.objc; path = OMRoomViewController.m; sourceTree = "<group>"; };
		F941E1FE1D05608C00A70A3F /* OMRoomViewController.xib */ = {isa = PBXFileReference; fileEncoding = 4; lastKnownFileType = file.xib; path = OMRoomViewController.xib; sourceTree = "<group>"; };
		F941E2071D0560E800A70A3F /* OMAddRoomDeviceViewController.h */ = {isa = PBXFileReference; fileEncoding = 4; lastKnownFileType = sourcecode.c.h; path = OMAddRoomDeviceViewController.h; sourceTree = "<group>"; };
		F941E2081D0560E800A70A3F /* OMAddRoomDeviceViewController.m */ = {isa = PBXFileReference; fileEncoding = 4; lastKnownFileType = sourcecode.c.objc; path = OMAddRoomDeviceViewController.m; sourceTree = "<group>"; };
		F941E2091D0560E800A70A3F /* OMAddRoomDeviceViewController.xib */ = {isa = PBXFileReference; fileEncoding = 4; lastKnownFileType = file.xib; path = OMAddRoomDeviceViewController.xib; sourceTree = "<group>"; };
		F943C19F1D06A4F400842778 /* NSObject+Extend.h */ = {isa = PBXFileReference; fileEncoding = 4; lastKnownFileType = sourcecode.c.h; path = "NSObject+Extend.h"; sourceTree = "<group>"; };
		F943C1A01D06A4F400842778 /* NSObject+Extend.m */ = {isa = PBXFileReference; fileEncoding = 4; lastKnownFileType = sourcecode.c.objc; path = "NSObject+Extend.m"; sourceTree = "<group>"; };
		F943C1A21D06ACA200842778 /* OMBaseScrollViewController.h */ = {isa = PBXFileReference; fileEncoding = 4; lastKnownFileType = sourcecode.c.h; path = OMBaseScrollViewController.h; sourceTree = "<group>"; };
		F943C1A31D06ACA200842778 /* OMBaseScrollViewController.m */ = {isa = PBXFileReference; fileEncoding = 4; lastKnownFileType = sourcecode.c.objc; path = OMBaseScrollViewController.m; sourceTree = "<group>"; };
		F943C6301D0E9F090097DA67 /* OMAddRoomViewController.h */ = {isa = PBXFileReference; fileEncoding = 4; lastKnownFileType = sourcecode.c.h; path = OMAddRoomViewController.h; sourceTree = "<group>"; };
		F943C6311D0E9F090097DA67 /* OMAddRoomViewController.m */ = {isa = PBXFileReference; fileEncoding = 4; lastKnownFileType = sourcecode.c.objc; path = OMAddRoomViewController.m; sourceTree = "<group>"; };
		F943C6321D0E9F090097DA67 /* OMAddRoomViewController.xib */ = {isa = PBXFileReference; fileEncoding = 4; lastKnownFileType = file.xib; path = OMAddRoomViewController.xib; sourceTree = "<group>"; };
		F944CDD31CE9977F009547A0 /* OMRegisterViewController.h */ = {isa = PBXFileReference; fileEncoding = 4; lastKnownFileType = sourcecode.c.h; path = OMRegisterViewController.h; sourceTree = "<group>"; };
		F944CDD41CE9977F009547A0 /* OMRegisterViewController.m */ = {isa = PBXFileReference; fileEncoding = 4; lastKnownFileType = sourcecode.c.objc; path = OMRegisterViewController.m; sourceTree = "<group>"; };
		F944CDD51CE9977F009547A0 /* OMRegisterViewController.xib */ = {isa = PBXFileReference; fileEncoding = 4; lastKnownFileType = file.xib; path = OMRegisterViewController.xib; sourceTree = "<group>"; };
		F944CDD91CE9B2A1009547A0 /* OMUDPNetWork.h */ = {isa = PBXFileReference; fileEncoding = 4; lastKnownFileType = sourcecode.c.h; path = OMUDPNetWork.h; sourceTree = "<group>"; };
		F944CDDA1CE9B2A1009547A0 /* OMUDPNetWork.m */ = {isa = PBXFileReference; fileEncoding = 4; lastKnownFileType = sourcecode.c.objc; path = OMUDPNetWork.m; sourceTree = "<group>"; };
		F944CDDC1CE9B2CB009547A0 /* UIView+HUD.h */ = {isa = PBXFileReference; fileEncoding = 4; lastKnownFileType = sourcecode.c.h; path = "UIView+HUD.h"; sourceTree = "<group>"; };
		F944CDDD1CE9B2CB009547A0 /* UIView+HUD.m */ = {isa = PBXFileReference; fileEncoding = 4; lastKnownFileType = sourcecode.c.objc; path = "UIView+HUD.m"; sourceTree = "<group>"; };
		F944CDDF1CE9B677009547A0 /* OMTCPNetWork.h */ = {isa = PBXFileReference; fileEncoding = 4; lastKnownFileType = sourcecode.c.h; path = OMTCPNetWork.h; sourceTree = "<group>"; };
		F944CDE01CE9B677009547A0 /* OMTCPNetWork.m */ = {isa = PBXFileReference; fileEncoding = 4; lastKnownFileType = sourcecode.c.objc; path = OMTCPNetWork.m; sourceTree = "<group>"; };
		F9621BDD1CE2C6240058DBA7 /* OMNI.app */ = {isa = PBXFileReference; explicitFileType = wrapper.application; includeInIndex = 0; path = OMNI.app; sourceTree = BUILT_PRODUCTS_DIR; };
		F9621BE11CE2C6240058DBA7 /* main.m */ = {isa = PBXFileReference; lastKnownFileType = sourcecode.c.objc; path = main.m; sourceTree = "<group>"; };
		F9621BE31CE2C6240058DBA7 /* AppDelegate.h */ = {isa = PBXFileReference; lastKnownFileType = sourcecode.c.h; path = AppDelegate.h; sourceTree = "<group>"; };
		F9621BE41CE2C6240058DBA7 /* AppDelegate.m */ = {isa = PBXFileReference; lastKnownFileType = sourcecode.c.objc; path = AppDelegate.m; sourceTree = "<group>"; };
		F9621BE61CE2C6240058DBA7 /* OMRootViewController.h */ = {isa = PBXFileReference; lastKnownFileType = sourcecode.c.h; path = OMRootViewController.h; sourceTree = "<group>"; };
		F9621BE71CE2C6240058DBA7 /* OMRootViewController.m */ = {isa = PBXFileReference; lastKnownFileType = sourcecode.c.objc; path = OMRootViewController.m; sourceTree = "<group>"; };
		F9621BEA1CE2C6240058DBA7 /* Base */ = {isa = PBXFileReference; lastKnownFileType = file.storyboard; name = Base; path = Base.lproj/Main.storyboard; sourceTree = "<group>"; };
		F9621BEC1CE2C6240058DBA7 /* Assets.xcassets */ = {isa = PBXFileReference; lastKnownFileType = folder.assetcatalog; path = Assets.xcassets; sourceTree = "<group>"; };
		F9621BF11CE2C6240058DBA7 /* Info.plist */ = {isa = PBXFileReference; lastKnownFileType = text.plist.xml; path = Info.plist; sourceTree = "<group>"; };
		F964F90E1D040922005FD22F /* UIButton+EnlargeEdge.h */ = {isa = PBXFileReference; fileEncoding = 4; lastKnownFileType = sourcecode.c.h; path = "UIButton+EnlargeEdge.h"; sourceTree = "<group>"; };
		F964F90F1D040922005FD22F /* UIButton+EnlargeEdge.m */ = {isa = PBXFileReference; fileEncoding = 4; lastKnownFileType = sourcecode.c.objc; path = "UIButton+EnlargeEdge.m"; sourceTree = "<group>"; };
		F964F9141D040B66005FD22F /* NSCharacterSet+Common.h */ = {isa = PBXFileReference; fileEncoding = 4; lastKnownFileType = sourcecode.c.h; path = "NSCharacterSet+Common.h"; sourceTree = "<group>"; };
		F964F9151D040B66005FD22F /* NSCharacterSet+Common.m */ = {isa = PBXFileReference; fileEncoding = 4; lastKnownFileType = sourcecode.c.objc; path = "NSCharacterSet+Common.m"; sourceTree = "<group>"; };
		F964F9171D040EEF005FD22F /* OMRoom.h */ = {isa = PBXFileReference; fileEncoding = 4; lastKnownFileType = sourcecode.c.h; path = OMRoom.h; sourceTree = "<group>"; };
		F964F9181D040EEF005FD22F /* OMRoom.m */ = {isa = PBXFileReference; fileEncoding = 4; lastKnownFileType = sourcecode.c.objc; path = OMRoom.m; sourceTree = "<group>"; };
		F96CE80C1D6D93DC004DCE41 /* OMSceneRenameViewController.h */ = {isa = PBXFileReference; fileEncoding = 4; lastKnownFileType = sourcecode.c.h; path = OMSceneRenameViewController.h; sourceTree = "<group>"; };
		F96CE80D1D6D941E004DCE41 /* OMSceneConfigViewController.h */ = {isa = PBXFileReference; fileEncoding = 4; lastKnownFileType = sourcecode.c.h; path = OMSceneConfigViewController.h; sourceTree = "<group>"; };
		F96CE80E1D6D941E004DCE41 /* OMSceneConfigViewController.m */ = {isa = PBXFileReference; fileEncoding = 4; lastKnownFileType = sourcecode.c.objc; path = OMSceneConfigViewController.m; sourceTree = "<group>"; };
		F96CE80F1D6D941E004DCE41 /* OMSceneConfigViewController.xib */ = {isa = PBXFileReference; fileEncoding = 4; lastKnownFileType = file.xib; path = OMSceneConfigViewController.xib; sourceTree = "<group>"; };
		F9A19C861D2BE9B900965553 /* OMAddTimingViewController.h */ = {isa = PBXFileReference; fileEncoding = 4; lastKnownFileType = sourcecode.c.h; path = OMAddTimingViewController.h; sourceTree = "<group>"; };
		F9A19C871D2BE9B900965553 /* OMAddTimingViewController.m */ = {isa = PBXFileReference; fileEncoding = 4; lastKnownFileType = sourcecode.c.objc; path = OMAddTimingViewController.m; sourceTree = "<group>"; };
		F9A19C881D2BE9B900965553 /* OMAddTimingViewController.xib */ = {isa = PBXFileReference; fileEncoding = 4; lastKnownFileType = file.xib; path = OMAddTimingViewController.xib; sourceTree = "<group>"; };
		F9A19C8B1D2BEAC700965553 /* UIViewController+Extend.h */ = {isa = PBXFileReference; fileEncoding = 4; lastKnownFileType = sourcecode.c.h; path = "UIViewController+Extend.h"; sourceTree = "<group>"; };
		F9A19C8C1D2BEAC700965553 /* UIViewController+Extend.m */ = {isa = PBXFileReference; fileEncoding = 4; lastKnownFileType = sourcecode.c.objc; path = "UIViewController+Extend.m"; sourceTree = "<group>"; };
		F9A1D0991D29482B007ECDAB /* OMSwitchViewController.h */ = {isa = PBXFileReference; fileEncoding = 4; lastKnownFileType = sourcecode.c.h; path = OMSwitchViewController.h; sourceTree = "<group>"; };
		F9A1D09A1D29482B007ECDAB /* OMSwitchViewController.m */ = {isa = PBXFileReference; fileEncoding = 4; lastKnownFileType = sourcecode.c.objc; path = OMSwitchViewController.m; sourceTree = "<group>"; };
		F9A1D09B1D29482B007ECDAB /* OMSwitchViewController.xib */ = {isa = PBXFileReference; fileEncoding = 4; lastKnownFileType = file.xib; path = OMSwitchViewController.xib; sourceTree = "<group>"; };
		F9BC970A1CE85CE5000A1998 /* UIColor+Extend.h */ = {isa = PBXFileReference; fileEncoding = 4; lastKnownFileType = sourcecode.c.h; path = "UIColor+Extend.h"; sourceTree = "<group>"; };
		F9BC970B1CE85CE5000A1998 /* UIColor+Extend.m */ = {isa = PBXFileReference; fileEncoding = 4; lastKnownFileType = sourcecode.c.objc; path = "UIColor+Extend.m"; sourceTree = "<group>"; };
		F9C19A8C1D01261A005AFEEB /* OMBaseCollectionViewCell.h */ = {isa = PBXFileReference; fileEncoding = 4; lastKnownFileType = sourcecode.c.h; path = OMBaseCollectionViewCell.h; sourceTree = "<group>"; };
		F9C19A8D1D01261A005AFEEB /* OMBaseCollectionViewCell.m */ = {isa = PBXFileReference; fileEncoding = 4; lastKnownFileType = sourcecode.c.objc; path = OMBaseCollectionViewCell.m; sourceTree = "<group>"; };
		F9C1BE091D046DB40036AFA5 /* NSMutableDictionary+Room.h */ = {isa = PBXFileReference; fileEncoding = 4; lastKnownFileType = sourcecode.c.h; path = "NSMutableDictionary+Room.h"; sourceTree = "<group>"; };
		F9C1BE0A1D046DB40036AFA5 /* NSMutableDictionary+Room.m */ = {isa = PBXFileReference; fileEncoding = 4; lastKnownFileType = sourcecode.c.objc; path = "NSMutableDictionary+Room.m"; sourceTree = "<group>"; };
		F9C4A7A91D20BF4E00555E7C /* OMAlertView.h */ = {isa = PBXFileReference; fileEncoding = 4; lastKnownFileType = sourcecode.c.h; path = OMAlertView.h; sourceTree = "<group>"; };
		F9C4A7AA1D20BF4E00555E7C /* OMAlertView.m */ = {isa = PBXFileReference; fileEncoding = 4; lastKnownFileType = sourcecode.c.objc; path = OMAlertView.m; sourceTree = "<group>"; };
		F9C4A7AC1D20C50400555E7C /* OMDeviceConfigView.h */ = {isa = PBXFileReference; fileEncoding = 4; lastKnownFileType = sourcecode.c.h; path = OMDeviceConfigView.h; sourceTree = "<group>"; };
		F9C4A7AD1D20C50400555E7C /* OMDeviceConfigView.m */ = {isa = PBXFileReference; fileEncoding = 4; lastKnownFileType = sourcecode.c.objc; path = OMDeviceConfigView.m; sourceTree = "<group>"; };
		F9C4A7AF1D20C56100555E7C /* OMBaseView.h */ = {isa = PBXFileReference; fileEncoding = 4; lastKnownFileType = sourcecode.c.h; path = OMBaseView.h; sourceTree = "<group>"; };
		F9C4A7B01D20C56100555E7C /* OMBaseView.m */ = {isa = PBXFileReference; fileEncoding = 4; lastKnownFileType = sourcecode.c.objc; path = OMBaseView.m; sourceTree = "<group>"; };
		F9C4A7B21D20DA9000555E7C /* UIImage+Extend.h */ = {isa = PBXFileReference; fileEncoding = 4; lastKnownFileType = sourcecode.c.h; path = "UIImage+Extend.h"; sourceTree = "<group>"; };
		F9C4A7B31D20DA9000555E7C /* UIImage+Extend.m */ = {isa = PBXFileReference; fileEncoding = 4; lastKnownFileType = sourcecode.c.objc; path = "UIImage+Extend.m"; sourceTree = "<group>"; };
		F9C72EF41CE9EEB100DCBAED /* OMListViewController.h */ = {isa = PBXFileReference; fileEncoding = 4; lastKnownFileType = sourcecode.c.h; path = OMListViewController.h; sourceTree = "<group>"; };
		F9C72EF51CE9EEB100DCBAED /* OMListViewController.m */ = {isa = PBXFileReference; fileEncoding = 4; lastKnownFileType = sourcecode.c.objc; path = OMListViewController.m; sourceTree = "<group>"; };
		F9C72EF61CE9EEB100DCBAED /* OMListViewController.xib */ = {isa = PBXFileReference; fileEncoding = 4; lastKnownFileType = file.xib; path = OMListViewController.xib; sourceTree = "<group>"; };
		F9DE59B71D2A5D1900CB4CAB /* OMAlarmView.h */ = {isa = PBXFileReference; fileEncoding = 4; lastKnownFileType = sourcecode.c.h; path = OMAlarmView.h; sourceTree = "<group>"; };
		F9DE59B81D2A5D1900CB4CAB /* OMAlarmView.m */ = {isa = PBXFileReference; fileEncoding = 4; lastKnownFileType = sourcecode.c.objc; path = OMAlarmView.m; sourceTree = "<group>"; };
		F9E643231CE5B65B00D35FB1 /* PrefixHeader.pch */ = {isa = PBXFileReference; lastKnownFileType = sourcecode.c.h; path = PrefixHeader.pch; sourceTree = "<group>"; };
		F9E643291CE5BD7F00D35FB1 /* OMBaseViewController.h */ = {isa = PBXFileReference; fileEncoding = 4; lastKnownFileType = sourcecode.c.h; path = OMBaseViewController.h; sourceTree = "<group>"; };
		F9E6432A1CE5BD7F00D35FB1 /* OMBaseViewController.m */ = {isa = PBXFileReference; fileEncoding = 4; lastKnownFileType = sourcecode.c.objc; path = OMBaseViewController.m; sourceTree = "<group>"; };
		F9E6432F1CE5C4DC00D35FB1 /* OMLoginViewController.h */ = {isa = PBXFileReference; fileEncoding = 4; lastKnownFileType = sourcecode.c.h; path = OMLoginViewController.h; sourceTree = "<group>"; };
		F9E643301CE5C4DC00D35FB1 /* OMLoginViewController.m */ = {isa = PBXFileReference; fileEncoding = 4; lastKnownFileType = sourcecode.c.objc; path = OMLoginViewController.m; sourceTree = "<group>"; };
		F9E643311CE5C4DC00D35FB1 /* OMLoginViewController.xib */ = {isa = PBXFileReference; fileEncoding = 4; lastKnownFileType = file.xib; path = OMLoginViewController.xib; sourceTree = "<group>"; };
		F9E9B93F1D6E84C5006B1BF5 /* OMRoomScene.h */ = {isa = PBXFileReference; fileEncoding = 4; lastKnownFileType = sourcecode.c.h; path = OMRoomScene.h; sourceTree = "<group>"; };
		F9E9B9401D6E84C5006B1BF5 /* OMRoomScene.m */ = {isa = PBXFileReference; fileEncoding = 4; lastKnownFileType = sourcecode.c.objc; path = OMRoomScene.m; sourceTree = "<group>"; };
		F9EA632A1D6ADC48006243D5 /* OMSceneViewController.h */ = {isa = PBXFileReference; fileEncoding = 4; lastKnownFileType = sourcecode.c.h; path = OMSceneViewController.h; sourceTree = "<group>"; };
		F9EA632B1D6ADC48006243D5 /* OMSceneViewController.m */ = {isa = PBXFileReference; fileEncoding = 4; lastKnownFileType = sourcecode.c.objc; path = OMSceneViewController.m; sourceTree = "<group>"; };
		F9EA632C1D6ADC48006243D5 /* OMSceneViewController.xib */ = {isa = PBXFileReference; fileEncoding = 4; lastKnownFileType = file.xib; path = OMSceneViewController.xib; sourceTree = "<group>"; };
		F9EA632F1D6AF293006243D5 /* OMDrawerViewController.h */ = {isa = PBXFileReference; fileEncoding = 4; lastKnownFileType = sourcecode.c.h; path = OMDrawerViewController.h; sourceTree = "<group>"; };
		F9EA63301D6AF293006243D5 /* OMDrawerViewController.m */ = {isa = PBXFileReference; fileEncoding = 4; lastKnownFileType = sourcecode.c.objc; path = OMDrawerViewController.m; sourceTree = "<group>"; };
		F9EE643D1D6B1BB600B4E713 /* OMScene.h */ = {isa = PBXFileReference; fileEncoding = 4; lastKnownFileType = sourcecode.c.h; path = OMScene.h; sourceTree = "<group>"; };
		F9EE643E1D6B1BB600B4E713 /* OMScene.m */ = {isa = PBXFileReference; fileEncoding = 4; lastKnownFileType = sourcecode.c.objc; path = OMScene.m; sourceTree = "<group>"; };
		F9FCF38F1D2DFFC100508A8B /* OMSingleLightViewController.h */ = {isa = PBXFileReference; fileEncoding = 4; lastKnownFileType = sourcecode.c.h; path = OMSingleLightViewController.h; sourceTree = "<group>"; };
		F9FCF3901D2DFFC100508A8B /* OMSingleLightViewController.m */ = {isa = PBXFileReference; fileEncoding = 4; lastKnownFileType = sourcecode.c.objc; path = OMSingleLightViewController.m; sourceTree = "<group>"; };
		F9FCF3911D2DFFC100508A8B /* OMSingleLightViewController.xib */ = {isa = PBXFileReference; fileEncoding = 4; lastKnownFileType = file.xib; path = OMSingleLightViewController.xib; sourceTree = "<group>"; };
/* End PBXFileReference section */

/* Begin PBXFrameworksBuildPhase section */
		F9621BDA1CE2C6240058DBA7 /* Frameworks */ = {
			isa = PBXFrameworksBuildPhase;
			buildActionMask = 2147483647;
			files = (
				0CD56730B4FE62EEC6C1AA8E /* Pods_OMNI.framework in Frameworks */,
			);
			runOnlyForDeploymentPostprocessing = 0;
		};
/* End PBXFrameworksBuildPhase section */

/* Begin PBXGroup section */
		8AB323BC2EA8FD817D5DCBD2 /* Frameworks */ = {
			isa = PBXGroup;
			children = (
				F933746F02753ACFE8C9AA1A /* Pods_OMNI.framework */,
			);
			name = Frameworks;
			sourceTree = "<group>";
		};
		A29630276A57C91CB61A16CD /* Pods */ = {
			isa = PBXGroup;
			children = (
				6D4562274CB06EE4A6CD5164 /* Pods-OMNI.debug.xcconfig */,
				00B1572090FA155561585926 /* Pods-OMNI.release.xcconfig */,
			);
			name = Pods;
			sourceTree = "<group>";
		};
		F91115471D13FB5700D79185 /* 接口管理 */ = {
			isa = PBXGroup;
			children = (
				F90BF1AB1D6C25B900D2ECEB /* OMGloble.h */,
				F90BF1AC1D6C25B900D2ECEB /* OMGloble.m */,
				F91115481D13FB5700D79185 /* OMGlobleManager.h */,
				F91115491D13FB5700D79185 /* OMGlobleManager.m */,
			);
			path = "接口管理";
			sourceTree = "<group>";
		};
		F915607E1D0006C4009BAA36 /* 房间 */ = {
			isa = PBXGroup;
			children = (
				F9EA63261D6AD12F006243D5 /* 情景模式 */,
				F941E1F31D05608C00A70A3F /* 房间首页 */,
				F941E2061D0560B300A70A3F /* 房间设置 */,
				F9A1D0981D294803007ECDAB /* 开关 */,
				F9FCF38E1D2DFF7B00508A8B /* 单色灯 */,
				F91E070F1D39DD2000DDE451 /* 双色灯 */,
				F92ADEBB1D50341900CBE1E7 /* 彩灯 */,
				F91F4DD91D6154F600D96A8A /* 风扇 */,
				F91F4DD81D6154F600D96A8A /* 窗帘 */,
			);
			path = "房间";
			sourceTree = "<group>";
		};
		F91E070F1D39DD2000DDE451 /* 双色灯 */ = {
			isa = PBXGroup;
			children = (
				F91E07151D39DD7B00DDE451 /* OMDoubleSlider.h */,
				F91E07161D39DD7B00DDE451 /* OMDoubleSlider.m */,
				F91E07101D39DD4A00DDE451 /* OMDoubleLightViewController.h */,
				F91E07111D39DD4A00DDE451 /* OMDoubleLightViewController.m */,
				F91E07121D39DD4A00DDE451 /* OMDoubleLightViewController.xib */,
			);
			path = "双色灯";
			sourceTree = "<group>";
		};
		F91EAA271D0695E30055CB35 /* ESP */ = {
			isa = PBXGroup;
			children = (
				F91EAA281D0695E30055CB35 /* ESP_ByteUtil.h */,
				F91EAA291D0695E30055CB35 /* ESP_ByteUtil.m */,
				F91EAA2A1D0695E30055CB35 /* ESP_CRC8.h */,
				F91EAA2B1D0695E30055CB35 /* ESP_CRC8.m */,
				F91EAA2C1D0695E30055CB35 /* ESP_NetUtil.h */,
				F91EAA2D1D0695E30055CB35 /* ESP_NetUtil.m */,
				F91EAA2E1D0695E30055CB35 /* ESPDataCode.h */,
				F91EAA2F1D0695E30055CB35 /* ESPDataCode.m */,
				F91EAA301D0695E30055CB35 /* ESPDatumCode.h */,
				F91EAA311D0695E30055CB35 /* ESPDatumCode.m */,
				F91EAA321D0695E30055CB35 /* ESPGuideCode.h */,
				F91EAA331D0695E30055CB35 /* ESPGuideCode.m */,
				F91EAA341D0695E30055CB35 /* ESPTouchGenerator.h */,
				F91EAA351D0695E30055CB35 /* ESPTouchGenerator.m */,
				F91EAA361D0695E30055CB35 /* ESPTouchResult.h */,
				F91EAA371D0695E30055CB35 /* ESPTouchResult.m */,
				F91EAA381D0695E30055CB35 /* ESPTouchTask.h */,
				F91EAA391D0695E30055CB35 /* ESPTouchTask.m */,
				F91EAA3A1D0695E30055CB35 /* ESPTouchTaskParameter.h */,
				F91EAA3B1D0695E30055CB35 /* ESPTouchTaskParameter.m */,
				F91EAA3C1D0695E30055CB35 /* ESPUDPSocketClient.h */,
				F91EAA3D1D0695E30055CB35 /* ESPUDPSocketClient.m */,
				F91EAA3E1D0695E30055CB35 /* ESPUDPSocketServer.h */,
				F91EAA3F1D0695E30055CB35 /* ESPUDPSocketServer.m */,
				F91EAA401D0695E30055CB35 /* IPAddress.c */,
				F91EAA411D0695E30055CB35 /* IPAddress.h */,
			);
			path = ESP;
			sourceTree = "<group>";
		};
		F91F4DD81D6154F600D96A8A /* 窗帘 */ = {
			isa = PBXGroup;
			children = (
				F91F4DDF1D615B9000D96A8A /* OMCurtainViewController.h */,
				F91F4DE01D615B9000D96A8A /* OMCurtainViewController.m */,
				F91F4DE11D615B9000D96A8A /* OMCurtainViewController.xib */,
			);
			path = "窗帘";
			sourceTree = "<group>";
		};
		F91F4DD91D6154F600D96A8A /* 风扇 */ = {
			isa = PBXGroup;
			children = (
				F91F4DDA1D61590000D96A8A /* OMFannerViewController.h */,
				F91F4DDB1D61590000D96A8A /* OMFannerViewController.m */,
				F91F4DDC1D61590000D96A8A /* OMFannerViewController.xib */,
			);
			path = "风扇";
			sourceTree = "<group>";
		};
		F92ADEBB1D50341900CBE1E7 /* 彩灯 */ = {
			isa = PBXGroup;
			children = (
				F92ADEBC1D50345600CBE1E7 /* OMMutibleSlider.h */,
				F92ADEBD1D50345600CBE1E7 /* OMMutibleSlider.m */,
				F92ADEBF1D50348F00CBE1E7 /* OMMutibleLightViewController.h */,
				F92ADEC01D50348F00CBE1E7 /* OMMutibleLightViewController.m */,
				F92ADEC11D50348F00CBE1E7 /* OMMutibleLightViewController.xib */,
				F90579991D51A12E00FC23F0 /* OMMutiableLightThemeViewController.h */,
				F905799A1D51A12E00FC23F0 /* OMMutiableLightThemeViewController.m */,
				F905799B1D51A12E00FC23F0 /* OMMutiableLightThemeViewController.xib */,
				F905799E1D51A15900FC23F0 /* OMMutiableLightColorViewController.h */,
				F905799F1D51A15900FC23F0 /* OMMutiableLightColorViewController.m */,
				F90579A01D51A15900FC23F0 /* OMMutiableLightColorViewController.xib */,
			);
			path = "彩灯";
			sourceTree = "<group>";
		};
		F933992B1CEC47B0009C61C1 /* 对象 */ = {
			isa = PBXGroup;
			children = (
				F933992C1CEC47C0009C61C1 /* OMDevice.h */,
				F933992D1CEC47C0009C61C1 /* OMDevice.m */,
				F964F9171D040EEF005FD22F /* OMRoom.h */,
				F964F9181D040EEF005FD22F /* OMRoom.m */,
				F9182A911D2B469C00AF3218 /* OMAlarm.h */,
				F9182A921D2B469C00AF3218 /* OMAlarm.m */,
				F9EE643D1D6B1BB600B4E713 /* OMScene.h */,
				F9EE643E1D6B1BB600B4E713 /* OMScene.m */,
				F9E9B93F1D6E84C5006B1BF5 /* OMRoomScene.h */,
				F9E9B9401D6E84C5006B1BF5 /* OMRoomScene.m */,
			);
			path = "对象";
			sourceTree = "<group>";
		};
		F93831E21CF2E2ED003807A9 /* 设备管理 */ = {
			isa = PBXGroup;
			children = (
				F91EAA271D0695E30055CB35 /* ESP */,
				F93831E31CF2E317003807A9 /* OMWifiConfigViewController.h */,
				F93831E41CF2E317003807A9 /* OMWifiConfigViewController.m */,
				F93831E51CF2E317003807A9 /* OMWifiConfigViewController.xib */,
				F93831E81CF2EBF4003807A9 /* OMAddGateWayViewController.h */,
				F93831E91CF2EBF4003807A9 /* OMAddGateWayViewController.m */,
				F93831EA1CF2EBF4003807A9 /* OMAddGateWayViewController.xib */,
			);
			path = "设备管理";
			sourceTree = "<group>";
		};
		F941E1F31D05608C00A70A3F /* 房间首页 */ = {
			isa = PBXGroup;
			children = (
				F941E1FC1D05608C00A70A3F /* OMRoomViewController.h */,
				F941E1FD1D05608C00A70A3F /* OMRoomViewController.m */,
				F941E1FE1D05608C00A70A3F /* OMRoomViewController.xib */,
				F941E1F41D05608C00A70A3F /* OMRoomCollectionViewCell.h */,
				F941E1F51D05608C00A70A3F /* OMRoomCollectionViewCell.m */,
				F941E1F61D05608C00A70A3F /* OMRoomCollectionViewCell.xib */,
				F941E1F71D05608C00A70A3F /* OMRoomCollectionViewFlowLayout.h */,
				F941E1F81D05608C00A70A3F /* OMRoomCollectionViewFlowLayout.m */,
				F941E1F91D05608C00A70A3F /* OMRoomTableViewCell.h */,
				F941E1FA1D05608C00A70A3F /* OMRoomTableViewCell.m */,
				F941E1FB1D05608C00A70A3F /* OMRoomTableViewCell.xib */,
			);
			path = "房间首页";
			sourceTree = "<group>";
		};
		F941E2061D0560B300A70A3F /* 房间设置 */ = {
			isa = PBXGroup;
			children = (
				F943C6301D0E9F090097DA67 /* OMAddRoomViewController.h */,
				F943C6311D0E9F090097DA67 /* OMAddRoomViewController.m */,
				F943C6321D0E9F090097DA67 /* OMAddRoomViewController.xib */,
				F941E2071D0560E800A70A3F /* OMAddRoomDeviceViewController.h */,
				F941E2081D0560E800A70A3F /* OMAddRoomDeviceViewController.m */,
				F941E2091D0560E800A70A3F /* OMAddRoomDeviceViewController.xib */,
				F93780721D11023900271753 /* OMEditRoomDeviceViewController.h */,
				F93780731D11023900271753 /* OMEditRoomDeviceViewController.m */,
				F93780741D11023900271753 /* OMEditRoomDeviceViewController.xib */,
			);
			path = "房间设置";
			sourceTree = "<group>";
		};
		F944CDD81CE9B2A1009547A0 /* 网络 */ = {
			isa = PBXGroup;
			children = (
				F944CDDF1CE9B677009547A0 /* OMTCPNetWork.h */,
				F944CDE01CE9B677009547A0 /* OMTCPNetWork.m */,
				F944CDD91CE9B2A1009547A0 /* OMUDPNetWork.h */,
				F944CDDA1CE9B2A1009547A0 /* OMUDPNetWork.m */,
			);
			path = "网络";
			sourceTree = "<group>";
		};
		F9621BD41CE2C6240058DBA7 = {
			isa = PBXGroup;
			children = (
				F9621BDF1CE2C6240058DBA7 /* OMNI */,
				F9621BDE1CE2C6240058DBA7 /* Products */,
				A29630276A57C91CB61A16CD /* Pods */,
				8AB323BC2EA8FD817D5DCBD2 /* Frameworks */,
			);
			sourceTree = "<group>";
		};
		F9621BDE1CE2C6240058DBA7 /* Products */ = {
			isa = PBXGroup;
			children = (
				F9621BDD1CE2C6240058DBA7 /* OMNI.app */,
			);
			name = Products;
			sourceTree = "<group>";
		};
		F9621BDF1CE2C6240058DBA7 /* OMNI */ = {
			isa = PBXGroup;
			children = (
				F9C4A7A81D20BED700555E7C /* 自定义 */,
				F91115471D13FB5700D79185 /* 接口管理 */,
				F933992B1CEC47B0009C61C1 /* 对象 */,
				F9C72EF31CE9EE0B00DCBAED /* 列表 */,
				F915607E1D0006C4009BAA36 /* 房间 */,
				F93831E21CF2E2ED003807A9 /* 设备管理 */,
				F944CDD81CE9B2A1009547A0 /* 网络 */,
				F9BC97091CE85CD2000A1998 /* 扩展 */,
				F9E6432E1CE5C4C700D35FB1 /* 登录 */,
				F9E643291CE5BD7F00D35FB1 /* OMBaseViewController.h */,
				F9E6432A1CE5BD7F00D35FB1 /* OMBaseViewController.m */,
				F943C1A21D06ACA200842778 /* OMBaseScrollViewController.h */,
				F943C1A31D06ACA200842778 /* OMBaseScrollViewController.m */,
				F93831DF1CF2D7E4003807A9 /* OMBaseTableViewCell.h */,
				F93831E01CF2D7E4003807A9 /* OMBaseTableViewCell.m */,
				F9C4A7AF1D20C56100555E7C /* OMBaseView.h */,
				F9C4A7B01D20C56100555E7C /* OMBaseView.m */,
				F9C19A8C1D01261A005AFEEB /* OMBaseCollectionViewCell.h */,
				F9C19A8D1D01261A005AFEEB /* OMBaseCollectionViewCell.m */,
				F9EA632F1D6AF293006243D5 /* OMDrawerViewController.h */,
				F9EA63301D6AF293006243D5 /* OMDrawerViewController.m */,
				F9621BE61CE2C6240058DBA7 /* OMRootViewController.h */,
				F9621BE71CE2C6240058DBA7 /* OMRootViewController.m */,
				F9621BE31CE2C6240058DBA7 /* AppDelegate.h */,
				F9621BE41CE2C6240058DBA7 /* AppDelegate.m */,
				F9311DCD1CE5D75400E5F07F /* const.h */,
				F9E643231CE5B65B00D35FB1 /* PrefixHeader.pch */,
				F9621BE91CE2C6240058DBA7 /* Main.storyboard */,
				F9621BEC1CE2C6240058DBA7 /* Assets.xcassets */,
				F9621BF11CE2C6240058DBA7 /* Info.plist */,
				F9621BE01CE2C6240058DBA7 /* Supporting Files */,
			);
			path = OMNI;
			sourceTree = "<group>";
		};
		F9621BE01CE2C6240058DBA7 /* Supporting Files */ = {
			isa = PBXGroup;
			children = (
				F9621BE11CE2C6240058DBA7 /* main.m */,
			);
			name = "Supporting Files";
			sourceTree = "<group>";
		};
		F9A1D0981D294803007ECDAB /* 开关 */ = {
			isa = PBXGroup;
			children = (
				F9A1D0991D29482B007ECDAB /* OMSwitchViewController.h */,
				F9A1D09A1D29482B007ECDAB /* OMSwitchViewController.m */,
				F9A1D09B1D29482B007ECDAB /* OMSwitchViewController.xib */,
			);
			path = "开关";
			sourceTree = "<group>";
		};
		F9BC97091CE85CD2000A1998 /* 扩展 */ = {
			isa = PBXGroup;
			children = (
				F9BC970A1CE85CE5000A1998 /* UIColor+Extend.h */,
				F9BC970B1CE85CE5000A1998 /* UIColor+Extend.m */,
				F9C4A7B21D20DA9000555E7C /* UIImage+Extend.h */,
				F9C4A7B31D20DA9000555E7C /* UIImage+Extend.m */,
				F944CDDC1CE9B2CB009547A0 /* UIView+HUD.h */,
				F944CDDD1CE9B2CB009547A0 /* UIView+HUD.m */,
				F964F90E1D040922005FD22F /* UIButton+EnlargeEdge.h */,
				F964F90F1D040922005FD22F /* UIButton+EnlargeEdge.m */,
				F964F9141D040B66005FD22F /* NSCharacterSet+Common.h */,
				F964F9151D040B66005FD22F /* NSCharacterSet+Common.m */,
				F9C1BE091D046DB40036AFA5 /* NSMutableDictionary+Room.h */,
				F9C1BE0A1D046DB40036AFA5 /* NSMutableDictionary+Room.m */,
				F943C19F1D06A4F400842778 /* NSObject+Extend.h */,
				F943C1A01D06A4F400842778 /* NSObject+Extend.m */,
				F9A19C8B1D2BEAC700965553 /* UIViewController+Extend.h */,
				F9A19C8C1D2BEAC700965553 /* UIViewController+Extend.m */,
				F91697341D34A11B00AF1721 /* NSArray+Extend.h */,
				F91697351D34A11B00AF1721 /* NSArray+Extend.m */,
				F91697371D34D81200AF1721 /* NSDate+Extend.h */,
				F91697381D34D81200AF1721 /* NSDate+Extend.m */,
				F916973A1D34D91700AF1721 /* NSString+Extend.h */,
				F916973B1D34D91700AF1721 /* NSString+Extend.m */,
			);
			path = "扩展";
			sourceTree = "<group>";
		};
		F9C4A7A81D20BED700555E7C /* 自定义 */ = {
			isa = PBXGroup;
			children = (
				F9C4A7A91D20BF4E00555E7C /* OMAlertView.h */,
				F9C4A7AA1D20BF4E00555E7C /* OMAlertView.m */,
				F9C4A7AC1D20C50400555E7C /* OMDeviceConfigView.h */,
				F9C4A7AD1D20C50400555E7C /* OMDeviceConfigView.m */,
				F9DE59B71D2A5D1900CB4CAB /* OMAlarmView.h */,
				F9DE59B81D2A5D1900CB4CAB /* OMAlarmView.m */,
				F9A19C861D2BE9B900965553 /* OMAddTimingViewController.h */,
				F9A19C871D2BE9B900965553 /* OMAddTimingViewController.m */,
				F9A19C881D2BE9B900965553 /* OMAddTimingViewController.xib */,
			);
			path = "自定义";
			sourceTree = "<group>";
		};
		F9C72EF31CE9EE0B00DCBAED /* 列表 */ = {
			isa = PBXGroup;
			children = (
				F9C72EF41CE9EEB100DCBAED /* OMListViewController.h */,
				F9C72EF51CE9EEB100DCBAED /* OMListViewController.m */,
				F9C72EF61CE9EEB100DCBAED /* OMListViewController.xib */,
				F93399261CEC413F009C61C1 /* OMListTableViewCell.h */,
				F93399271CEC413F009C61C1 /* OMListTableViewCell.m */,
				F93399281CEC413F009C61C1 /* OMListTableViewCell.xib */,
			);
			path = "列表";
			sourceTree = "<group>";
		};
		F9E6432E1CE5C4C700D35FB1 /* 登录 */ = {
			isa = PBXGroup;
			children = (
				F9E6432F1CE5C4DC00D35FB1 /* OMLoginViewController.h */,
				F9E643301CE5C4DC00D35FB1 /* OMLoginViewController.m */,
				F9E643311CE5C4DC00D35FB1 /* OMLoginViewController.xib */,
				F944CDD31CE9977F009547A0 /* OMRegisterViewController.h */,
				F944CDD41CE9977F009547A0 /* OMRegisterViewController.m */,
				F944CDD51CE9977F009547A0 /* OMRegisterViewController.xib */,
				F91560791D0003CF009BAA36 /* OMGuideViewController.h */,
				F915607A1D0003CF009BAA36 /* OMGuideViewController.m */,
				F915607B1D0003CF009BAA36 /* OMGuideViewController.xib */,
			);
			path = "登录";
			sourceTree = "<group>";
		};
		F9EA63261D6AD12F006243D5 /* 情景模式 */ = {
			isa = PBXGroup;
			children = (
				F9EA632A1D6ADC48006243D5 /* OMSceneViewController.h */,
				F9EA632B1D6ADC48006243D5 /* OMSceneViewController.m */,
				F9EA632C1D6ADC48006243D5 /* OMSceneViewController.xib */,
				F90BF1B31D6C428400D2ECEB /* OMSceneSelectView.h */,
				F90BF1B41D6C428400D2ECEB /* OMSceneSelectView.m */,
				F96CE80C1D6D93DC004DCE41 /* OMSceneRenameViewController.h */,
				F90BF1AF1D6C2AEB00D2ECEB /* OMSceneRenameViewController.m */,
				F90BF1B01D6C2AEB00D2ECEB /* OMSceneRenameViewController.xib */,
				F96CE80D1D6D941E004DCE41 /* OMSceneConfigViewController.h */,
				F96CE80E1D6D941E004DCE41 /* OMSceneConfigViewController.m */,
				F96CE80F1D6D941E004DCE41 /* OMSceneConfigViewController.xib */,
			);
			path = "情景模式";
			sourceTree = "<group>";
		};
		F9FCF38E1D2DFF7B00508A8B /* 单色灯 */ = {
			isa = PBXGroup;
			children = (
				F91E070C1D39DCE400DDE451 /* OMSingleSlider.h */,
				F91E070D1D39DCE400DDE451 /* OMSingleSlider.m */,
				F9FCF38F1D2DFFC100508A8B /* OMSingleLightViewController.h */,
				F9FCF3901D2DFFC100508A8B /* OMSingleLightViewController.m */,
				F9FCF3911D2DFFC100508A8B /* OMSingleLightViewController.xib */,
			);
			path = "单色灯";
			sourceTree = "<group>";
		};
/* End PBXGroup section */

/* Begin PBXNativeTarget section */
		F9621BDC1CE2C6240058DBA7 /* OMNI */ = {
			isa = PBXNativeTarget;
			buildConfigurationList = F9621BF41CE2C6240058DBA7 /* Build configuration list for PBXNativeTarget "OMNI" */;
			buildPhases = (
				4BF3A8BEE767049106A52969 /* [CP] Check Pods Manifest.lock */,
				F9621BD91CE2C6240058DBA7 /* Sources */,
				F9621BDA1CE2C6240058DBA7 /* Frameworks */,
				F9621BDB1CE2C6240058DBA7 /* Resources */,
				A5BC0A2C319275DD96DE6139 /* [CP] Embed Pods Frameworks */,
				B9E1FDC619AAB5777159B487 /* [CP] Copy Pods Resources */,
			);
			buildRules = (
			);
			dependencies = (
			);
			name = OMNI;
			productName = OMNI;
			productReference = F9621BDD1CE2C6240058DBA7 /* OMNI.app */;
			productType = "com.apple.product-type.application";
		};
/* End PBXNativeTarget section */

/* Begin PBXProject section */
		F9621BD51CE2C6240058DBA7 /* Project object */ = {
			isa = PBXProject;
			attributes = {
				LastUpgradeCheck = 0730;
				ORGANIZATIONNAME = changxicao;
				TargetAttributes = {
					F9621BDC1CE2C6240058DBA7 = {
						CreatedOnToolsVersion = 7.3;
						DevelopmentTeam = 78LUG3RV9N;
					};
				};
			};
			buildConfigurationList = F9621BD81CE2C6240058DBA7 /* Build configuration list for PBXProject "OMNI" */;
			compatibilityVersion = "Xcode 3.2";
			developmentRegion = English;
			hasScannedForEncodings = 0;
			knownRegions = (
				en,
				Base,
			);
			mainGroup = F9621BD41CE2C6240058DBA7;
			productRefGroup = F9621BDE1CE2C6240058DBA7 /* Products */;
			projectDirPath = "";
			projectRoot = "";
			targets = (
				F9621BDC1CE2C6240058DBA7 /* OMNI */,
			);
		};
/* End PBXProject section */

/* Begin PBXResourcesBuildPhase section */
		F9621BDB1CE2C6240058DBA7 /* Resources */ = {
			isa = PBXResourcesBuildPhase;
			buildActionMask = 2147483647;
			files = (
				F9621BED1CE2C6240058DBA7 /* Assets.xcassets in Resources */,
				F941E20B1D0560E800A70A3F /* OMAddRoomDeviceViewController.xib in Resources */,
				F941E2051D05608C00A70A3F /* OMRoomViewController.xib in Resources */,
				F943C6341D0E9F090097DA67 /* OMAddRoomViewController.xib in Resources */,
				F944CDD71CE9977F009547A0 /* OMRegisterViewController.xib in Resources */,
				F9C72EF81CE9EEB100DCBAED /* OMListViewController.xib in Resources */,
				F941E2031D05608C00A70A3F /* OMRoomTableViewCell.xib in Resources */,
				F9FCF3931D2DFFC100508A8B /* OMSingleLightViewController.xib in Resources */,
				F905799D1D51A12E00FC23F0 /* OMMutiableLightThemeViewController.xib in Resources */,
				F9A19C8A1D2BE9B900965553 /* OMAddTimingViewController.xib in Resources */,
				F933992A1CEC413F009C61C1 /* OMListTableViewCell.xib in Resources */,
				F91F4DE31D615B9000D96A8A /* OMCurtainViewController.xib in Resources */,
				F9A1D09D1D29482B007ECDAB /* OMSwitchViewController.xib in Resources */,
				F91F4DDE1D61590000D96A8A /* OMFannerViewController.xib in Resources */,
				F93831E71CF2E317003807A9 /* OMWifiConfigViewController.xib in Resources */,
				F96CE8111D6D941E004DCE41 /* OMSceneConfigViewController.xib in Resources */,
				F92ADEC31D50348F00CBE1E7 /* OMMutibleLightViewController.xib in Resources */,
				F91E07141D39DD4A00DDE451 /* OMDoubleLightViewController.xib in Resources */,
				F90BF1B21D6C2AEB00D2ECEB /* OMSceneRenameViewController.xib in Resources */,
				F93831EC1CF2EBF4003807A9 /* OMAddGateWayViewController.xib in Resources */,
				F915607D1D0003CF009BAA36 /* OMGuideViewController.xib in Resources */,
				F93780761D11023900271753 /* OMEditRoomDeviceViewController.xib in Resources */,
				F90579A21D51A15900FC23F0 /* OMMutiableLightColorViewController.xib in Resources */,
				F941E2001D05608C00A70A3F /* OMRoomCollectionViewCell.xib in Resources */,
				F9621BEB1CE2C6240058DBA7 /* Main.storyboard in Resources */,
				F9EA632E1D6ADC48006243D5 /* OMSceneViewController.xib in Resources */,
				F9E643331CE5C4DC00D35FB1 /* OMLoginViewController.xib in Resources */,
			);
			runOnlyForDeploymentPostprocessing = 0;
		};
/* End PBXResourcesBuildPhase section */

/* Begin PBXShellScriptBuildPhase section */
		4BF3A8BEE767049106A52969 /* [CP] Check Pods Manifest.lock */ = {
			isa = PBXShellScriptBuildPhase;
			buildActionMask = 2147483647;
			files = (
			);
			inputPaths = (
			);
			name = "[CP] Check Pods Manifest.lock";
			outputPaths = (
			);
			runOnlyForDeploymentPostprocessing = 0;
			shellPath = /bin/sh;
			shellScript = "diff \"${PODS_ROOT}/../Podfile.lock\" \"${PODS_ROOT}/Manifest.lock\" > /dev/null\nif [[ $? != 0 ]] ; then\n    cat << EOM\nerror: The sandbox is not in sync with the Podfile.lock. Run 'pod install' or update your CocoaPods installation.\nEOM\n    exit 1\nfi\n";
			showEnvVarsInLog = 0;
		};
		A5BC0A2C319275DD96DE6139 /* [CP] Embed Pods Frameworks */ = {
			isa = PBXShellScriptBuildPhase;
			buildActionMask = 2147483647;
			files = (
			);
			inputPaths = (
			);
			name = "[CP] Embed Pods Frameworks";
			outputPaths = (
			);
			runOnlyForDeploymentPostprocessing = 0;
			shellPath = /bin/sh;
			shellScript = "\"${SRCROOT}/Pods/Target Support Files/Pods-OMNI/Pods-OMNI-frameworks.sh\"\n";
			showEnvVarsInLog = 0;
		};
		B9E1FDC619AAB5777159B487 /* [CP] Copy Pods Resources */ = {
			isa = PBXShellScriptBuildPhase;
			buildActionMask = 2147483647;
			files = (
			);
			inputPaths = (
			);
			name = "[CP] Copy Pods Resources";
			outputPaths = (
			);
			runOnlyForDeploymentPostprocessing = 0;
			shellPath = /bin/sh;
			shellScript = "\"${SRCROOT}/Pods/Target Support Files/Pods-OMNI/Pods-OMNI-resources.sh\"\n";
			showEnvVarsInLog = 0;
		};
/* End PBXShellScriptBuildPhase section */

/* Begin PBXSourcesBuildPhase section */
		F9621BD91CE2C6240058DBA7 /* Sources */ = {
			isa = PBXSourcesBuildPhase;
			buildActionMask = 2147483647;
			files = (
				F91EAA461D0695E30055CB35 /* ESPDatumCode.m in Sources */,
				F93831E11CF2D7E4003807A9 /* OMBaseTableViewCell.m in Sources */,
				F944CDDE1CE9B2CB009547A0 /* UIView+HUD.m in Sources */,
				F944CDDB1CE9B2A1009547A0 /* OMUDPNetWork.m in Sources */,
				F91E07171D39DD7B00DDE451 /* OMDoubleSlider.m in Sources */,
				F941E20A1D0560E800A70A3F /* OMAddRoomDeviceViewController.m in Sources */,
				F943C6331D0E9F090097DA67 /* OMAddRoomViewController.m in Sources */,
				F91EAA4C1D0695E30055CB35 /* ESPUDPSocketClient.m in Sources */,
				F9E643321CE5C4DC00D35FB1 /* OMLoginViewController.m in Sources */,
				F91EAA451D0695E30055CB35 /* ESPDataCode.m in Sources */,
				F91EAA4A1D0695E30055CB35 /* ESPTouchTask.m in Sources */,
				F91E07131D39DD4A00DDE451 /* OMDoubleLightViewController.m in Sources */,
				F93399291CEC413F009C61C1 /* OMListTableViewCell.m in Sources */,
				F9BC970C1CE85CE5000A1998 /* UIColor+Extend.m in Sources */,
				F9C1BE0B1D046DB40036AFA5 /* NSMutableDictionary+Room.m in Sources */,
				F944CDE11CE9B677009547A0 /* OMTCPNetWork.m in Sources */,
				F9A19C8D1D2BEAC700965553 /* UIViewController+Extend.m in Sources */,
				F90BF1B11D6C2AEB00D2ECEB /* OMSceneRenameViewController.m in Sources */,
				F9FCF3921D2DFFC100508A8B /* OMSingleLightViewController.m in Sources */,
				F91EAA4E1D0695E30055CB35 /* IPAddress.c in Sources */,
				F91697391D34D81200AF1721 /* NSDate+Extend.m in Sources */,
				F90579A11D51A15900FC23F0 /* OMMutiableLightColorViewController.m in Sources */,
				F941E2041D05608C00A70A3F /* OMRoomViewController.m in Sources */,
				F9C4A7B41D20DA9000555E7C /* UIImage+Extend.m in Sources */,
				F964F9161D040B66005FD22F /* NSCharacterSet+Common.m in Sources */,
				F9C19A8E1D01261A005AFEEB /* OMBaseCollectionViewCell.m in Sources */,
				F93780751D11023900271753 /* OMEditRoomDeviceViewController.m in Sources */,
				F91697361D34A11B00AF1721 /* NSArray+Extend.m in Sources */,
				F9C4A7AE1D20C50400555E7C /* OMDeviceConfigView.m in Sources */,
				F91EAA4B1D0695E30055CB35 /* ESPTouchTaskParameter.m in Sources */,
				F941E2011D05608C00A70A3F /* OMRoomCollectionViewFlowLayout.m in Sources */,
				F916973C1D34D91700AF1721 /* NSString+Extend.m in Sources */,
				F91EAA441D0695E30055CB35 /* ESP_NetUtil.m in Sources */,
				F93831E61CF2E317003807A9 /* OMWifiConfigViewController.m in Sources */,
				F9C72EF71CE9EEB100DCBAED /* OMListViewController.m in Sources */,
				F96CE8101D6D941E004DCE41 /* OMSceneConfigViewController.m in Sources */,
				F9621BE81CE2C6240058DBA7 /* OMRootViewController.m in Sources */,
				F9EA63311D6AF293006243D5 /* OMDrawerViewController.m in Sources */,
				F9621BE51CE2C6240058DBA7 /* AppDelegate.m in Sources */,
				F92ADEBE1D50345600CBE1E7 /* OMMutibleSlider.m in Sources */,
				F943C1A41D06ACA200842778 /* OMBaseScrollViewController.m in Sources */,
				F90BF1B51D6C428400D2ECEB /* OMSceneSelectView.m in Sources */,
				F9A19C891D2BE9B900965553 /* OMAddTimingViewController.m in Sources */,
				F9E9B9411D6E84C5006B1BF5 /* OMRoomScene.m in Sources */,
				F9182A931D2B469C00AF3218 /* OMAlarm.m in Sources */,
				F91F4DE21D615B9000D96A8A /* OMCurtainViewController.m in Sources */,
				F91EAA4D1D0695E30055CB35 /* ESPUDPSocketServer.m in Sources */,
				F9A1D09C1D29482B007ECDAB /* OMSwitchViewController.m in Sources */,
				F91F4DDD1D61590000D96A8A /* OMFannerViewController.m in Sources */,
				F915607C1D0003CF009BAA36 /* OMGuideViewController.m in Sources */,
				F911154A1D13FB5700D79185 /* OMGlobleManager.m in Sources */,
				F944CDD61CE9977F009547A0 /* OMRegisterViewController.m in Sources */,
				F90BF1AD1D6C25B900D2ECEB /* OMGloble.m in Sources */,
				F941E2021D05608C00A70A3F /* OMRoomTableViewCell.m in Sources */,
				F9621BE21CE2C6240058DBA7 /* main.m in Sources */,
				F91E070E1D39DCE400DDE451 /* OMSingleSlider.m in Sources */,
				F91EAA431D0695E30055CB35 /* ESP_CRC8.m in Sources */,
				F9C4A7AB1D20BF4E00555E7C /* OMAlertView.m in Sources */,
				F93831EB1CF2EBF4003807A9 /* OMAddGateWayViewController.m in Sources */,
				F933992E1CEC47C0009C61C1 /* OMDevice.m in Sources */,
				F943C1A11D06A4F400842778 /* NSObject+Extend.m in Sources */,
				F9EE643F1D6B1BB600B4E713 /* OMScene.m in Sources */,
				F9DE59B91D2A5D1900CB4CAB /* OMAlarmView.m in Sources */,
				F9E6432C1CE5BD7F00D35FB1 /* OMBaseViewController.m in Sources */,
				F91EAA491D0695E30055CB35 /* ESPTouchResult.m in Sources */,
				F9C4A7B11D20C56100555E7C /* OMBaseView.m in Sources */,
				F905799C1D51A12E00FC23F0 /* OMMutiableLightThemeViewController.m in Sources */,
				F941E1FF1D05608C00A70A3F /* OMRoomCollectionViewCell.m in Sources */,
				F92ADEC21D50348F00CBE1E7 /* OMMutibleLightViewController.m in Sources */,
				F91EAA421D0695E30055CB35 /* ESP_ByteUtil.m in Sources */,
				F964F9101D040922005FD22F /* UIButton+EnlargeEdge.m in Sources */,
				F91EAA471D0695E30055CB35 /* ESPGuideCode.m in Sources */,
				F964F9191D040EEF005FD22F /* OMRoom.m in Sources */,
				F91EAA481D0695E30055CB35 /* ESPTouchGenerator.m in Sources */,
				F9EA632D1D6ADC48006243D5 /* OMSceneViewController.m in Sources */,
			);
			runOnlyForDeploymentPostprocessing = 0;
		};
/* End PBXSourcesBuildPhase section */

/* Begin PBXVariantGroup section */
		F9621BE91CE2C6240058DBA7 /* Main.storyboard */ = {
			isa = PBXVariantGroup;
			children = (
				F9621BEA1CE2C6240058DBA7 /* Base */,
			);
			name = Main.storyboard;
			sourceTree = "<group>";
		};
/* End PBXVariantGroup section */

/* Begin XCBuildConfiguration section */
		F9621BF21CE2C6240058DBA7 /* Debug */ = {
			isa = XCBuildConfiguration;
			buildSettings = {
				ALWAYS_SEARCH_USER_PATHS = NO;
				CLANG_ANALYZER_NONNULL = YES;
				CLANG_CXX_LANGUAGE_STANDARD = "gnu++0x";
				CLANG_CXX_LIBRARY = "libc++";
				CLANG_ENABLE_MODULES = YES;
				CLANG_ENABLE_OBJC_ARC = YES;
				CLANG_WARN_BOOL_CONVERSION = YES;
				CLANG_WARN_CONSTANT_CONVERSION = YES;
				CLANG_WARN_DIRECT_OBJC_ISA_USAGE = YES_ERROR;
				CLANG_WARN_EMPTY_BODY = YES;
				CLANG_WARN_ENUM_CONVERSION = YES;
				CLANG_WARN_INT_CONVERSION = YES;
				CLANG_WARN_OBJC_ROOT_CLASS = YES_ERROR;
				CLANG_WARN_UNREACHABLE_CODE = YES;
				CLANG_WARN__DUPLICATE_METHOD_MATCH = YES;
				"CODE_SIGN_IDENTITY[sdk=iphoneos*]" = "iPhone Developer";
				COPY_PHASE_STRIP = NO;
				DEBUG_INFORMATION_FORMAT = dwarf;
				ENABLE_STRICT_OBJC_MSGSEND = YES;
				ENABLE_TESTABILITY = YES;
				GCC_C_LANGUAGE_STANDARD = gnu99;
				GCC_DYNAMIC_NO_PIC = NO;
				GCC_NO_COMMON_BLOCKS = YES;
				GCC_OPTIMIZATION_LEVEL = 0;
				GCC_PREPROCESSOR_DEFINITIONS = (
					"DEBUG=1",
					"$(inherited)",
				);
				GCC_WARN_64_TO_32_BIT_CONVERSION = YES;
				GCC_WARN_ABOUT_RETURN_TYPE = YES_ERROR;
				GCC_WARN_UNDECLARED_SELECTOR = YES;
				GCC_WARN_UNINITIALIZED_AUTOS = YES_AGGRESSIVE;
				GCC_WARN_UNUSED_FUNCTION = YES;
				GCC_WARN_UNUSED_VARIABLE = YES;
				IPHONEOS_DEPLOYMENT_TARGET = 9.3;
				MTL_ENABLE_DEBUG_INFO = YES;
				ONLY_ACTIVE_ARCH = YES;
				SDKROOT = iphoneos;
			};
			name = Debug;
		};
		F9621BF31CE2C6240058DBA7 /* Release */ = {
			isa = XCBuildConfiguration;
			buildSettings = {
				ALWAYS_SEARCH_USER_PATHS = NO;
				CLANG_ANALYZER_NONNULL = YES;
				CLANG_CXX_LANGUAGE_STANDARD = "gnu++0x";
				CLANG_CXX_LIBRARY = "libc++";
				CLANG_ENABLE_MODULES = YES;
				CLANG_ENABLE_OBJC_ARC = YES;
				CLANG_WARN_BOOL_CONVERSION = YES;
				CLANG_WARN_CONSTANT_CONVERSION = YES;
				CLANG_WARN_DIRECT_OBJC_ISA_USAGE = YES_ERROR;
				CLANG_WARN_EMPTY_BODY = YES;
				CLANG_WARN_ENUM_CONVERSION = YES;
				CLANG_WARN_INT_CONVERSION = YES;
				CLANG_WARN_OBJC_ROOT_CLASS = YES_ERROR;
				CLANG_WARN_UNREACHABLE_CODE = YES;
				CLANG_WARN__DUPLICATE_METHOD_MATCH = YES;
				"CODE_SIGN_IDENTITY[sdk=iphoneos*]" = "iPhone Developer";
				COPY_PHASE_STRIP = NO;
				DEBUG_INFORMATION_FORMAT = "dwarf-with-dsym";
				ENABLE_NS_ASSERTIONS = NO;
				ENABLE_STRICT_OBJC_MSGSEND = YES;
				GCC_C_LANGUAGE_STANDARD = gnu99;
				GCC_NO_COMMON_BLOCKS = YES;
				GCC_WARN_64_TO_32_BIT_CONVERSION = YES;
				GCC_WARN_ABOUT_RETURN_TYPE = YES_ERROR;
				GCC_WARN_UNDECLARED_SELECTOR = YES;
				GCC_WARN_UNINITIALIZED_AUTOS = YES_AGGRESSIVE;
				GCC_WARN_UNUSED_FUNCTION = YES;
				GCC_WARN_UNUSED_VARIABLE = YES;
				IPHONEOS_DEPLOYMENT_TARGET = 9.3;
				MTL_ENABLE_DEBUG_INFO = NO;
				SDKROOT = iphoneos;
				VALIDATE_PRODUCT = YES;
			};
			name = Release;
		};
		F9621BF51CE2C6240058DBA7 /* Debug */ = {
			isa = XCBuildConfiguration;
			baseConfigurationReference = 6D4562274CB06EE4A6CD5164 /* Pods-OMNI.debug.xcconfig */;
			buildSettings = {
				ASSETCATALOG_COMPILER_APPICON_NAME = AppIcon;
				ASSETCATALOG_COMPILER_LAUNCHIMAGE_NAME = LaunchImage;
				CLANG_ENABLE_MODULE_DEBUGGING = NO;
				CODE_SIGN_IDENTITY = "iPhone Developer: qiu haiyao (7KZRKKFS56)";
				"CODE_SIGN_IDENTITY[sdk=iphoneos*]" = "iPhone Developer";
				DEBUG_INFORMATION_FORMAT = "dwarf-with-dsym";
				ENABLE_BITCODE = NO;
				GCC_PRECOMPILE_PREFIX_HEADER = YES;
				GCC_PREFIX_HEADER = "$(PROJECT_DIR)/OMNI/PrefixHeader.pch";
				INFOPLIST_FILE = OMNI/Info.plist;
				IPHONEOS_DEPLOYMENT_TARGET = 8.0;
				LD_RUNPATH_SEARCH_PATHS = "$(inherited) @executable_path/Frameworks";
				PRODUCT_BUNDLE_IDENTIFIER = com.Keytec.OMNI;
				PRODUCT_NAME = "$(TARGET_NAME)";
				PROVISIONING_PROFILE = "299c49ec-8714-4cb1-8666-eb06a3374a9a";
				WARNING_CFLAGS = "";
			};
			name = Debug;
		};
		F9621BF61CE2C6240058DBA7 /* Release */ = {
			isa = XCBuildConfiguration;
			baseConfigurationReference = 00B1572090FA155561585926 /* Pods-OMNI.release.xcconfig */;
			buildSettings = {
				ASSETCATALOG_COMPILER_APPICON_NAME = AppIcon;
				ASSETCATALOG_COMPILER_LAUNCHIMAGE_NAME = LaunchImage;
				CODE_SIGN_IDENTITY = "iPhone Developer: qiu haiyao (7KZRKKFS56)";
				"CODE_SIGN_IDENTITY[sdk=iphoneos*]" = "iPhone Developer";
				DEBUG_INFORMATION_FORMAT = "dwarf-with-dsym";
				ENABLE_BITCODE = NO;
				GCC_PRECOMPILE_PREFIX_HEADER = YES;
				GCC_PREFIX_HEADER = "$(PROJECT_DIR)/OMNI/PrefixHeader.pch";
				INFOPLIST_FILE = OMNI/Info.plist;
				IPHONEOS_DEPLOYMENT_TARGET = 8.0;
				LD_RUNPATH_SEARCH_PATHS = "$(inherited) @executable_path/Frameworks";
				PRODUCT_BUNDLE_IDENTIFIER = com.Keytec.OMNI;
				PRODUCT_NAME = "$(TARGET_NAME)";
				PROVISIONING_PROFILE = "299c49ec-8714-4cb1-8666-eb06a3374a9a";
				WARNING_CFLAGS = "";
			};
			name = Release;
		};
/* End XCBuildConfiguration section */

/* Begin XCConfigurationList section */
		F9621BD81CE2C6240058DBA7 /* Build configuration list for PBXProject "OMNI" */ = {
			isa = XCConfigurationList;
			buildConfigurations = (
				F9621BF21CE2C6240058DBA7 /* Debug */,
				F9621BF31CE2C6240058DBA7 /* Release */,
			);
			defaultConfigurationIsVisible = 0;
			defaultConfigurationName = Release;
		};
		F9621BF41CE2C6240058DBA7 /* Build configuration list for PBXNativeTarget "OMNI" */ = {
			isa = XCConfigurationList;
			buildConfigurations = (
				F9621BF51CE2C6240058DBA7 /* Debug */,
				F9621BF61CE2C6240058DBA7 /* Release */,
			);
			defaultConfigurationIsVisible = 0;
			defaultConfigurationName = Release;
		};
/* End XCConfigurationList section */
	};
	rootObject = F9621BD51CE2C6240058DBA7 /* Project object */;
}
